// !$*UTF8*$!
{
	archiveVersion = 1;
	classes = {
	};
	objectVersion = 46;
	objects = {

/* Begin PBXBuildFile section */
		4119F3BE1DF95113007200B5 /* Errors.swift in Sources */ = {isa = PBXBuildFile; fileRef = 4119F3BD1DF95113007200B5 /* Errors.swift */; };
		4119F3C01DF9533A007200B5 /* String+Helper.swift in Sources */ = {isa = PBXBuildFile; fileRef = 4119F3BF1DF9533A007200B5 /* String+Helper.swift */; };
		414602A61DF9443C00DB59FB /* AppDelegate.swift in Sources */ = {isa = PBXBuildFile; fileRef = 414602A51DF9443C00DB59FB /* AppDelegate.swift */; };
		414602A81DF9443C00DB59FB /* ViewController.swift in Sources */ = {isa = PBXBuildFile; fileRef = 414602A71DF9443C00DB59FB /* ViewController.swift */; };
		414602AB1DF9443C00DB59FB /* Main.storyboard in Resources */ = {isa = PBXBuildFile; fileRef = 414602A91DF9443C00DB59FB /* Main.storyboard */; };
		414602AD1DF9443C00DB59FB /* Assets.xcassets in Resources */ = {isa = PBXBuildFile; fileRef = 414602AC1DF9443C00DB59FB /* Assets.xcassets */; };
		414602B01DF9443C00DB59FB /* LaunchScreen.storyboard in Resources */ = {isa = PBXBuildFile; fileRef = 414602AE1DF9443C00DB59FB /* LaunchScreen.storyboard */; };
		414602BB1DF9443C00DB59FB /* SwiftyImageTests.swift in Sources */ = {isa = PBXBuildFile; fileRef = 414602BA1DF9443C00DB59FB /* SwiftyImageTests.swift */; };
		416E148E1E02D79D00E56D3D /* ColorBurnBlendFilter.swift in Sources */ = {isa = PBXBuildFile; fileRef = 416E148D1E02D79D00E56D3D /* ColorBurnBlendFilter.swift */; };
		416E14901E02D80700E56D3D /* ColorBurnBlendFragmentShader.fsh in Resources */ = {isa = PBXBuildFile; fileRef = 416E148F1E02D80700E56D3D /* ColorBurnBlendFragmentShader.fsh */; };
		416E14931E02D91E00E56D3D /* LinearBurnBlendFilter.swift in Sources */ = {isa = PBXBuildFile; fileRef = 416E14921E02D91E00E56D3D /* LinearBurnBlendFilter.swift */; };
		416E14951E02D95D00E56D3D /* LinearBurnBlendFragmentShader.fsh in Resources */ = {isa = PBXBuildFile; fileRef = 416E14941E02D95D00E56D3D /* LinearBurnBlendFragmentShader.fsh */; };
		416E14981E02DAF000E56D3D /* ColorDodgeBlendFilter.swift in Sources */ = {isa = PBXBuildFile; fileRef = 416E14971E02DAF000E56D3D /* ColorDodgeBlendFilter.swift */; };
		416E149A1E02DB3300E56D3D /* ColorDodgeBlendFragmentShader.fsh in Resources */ = {isa = PBXBuildFile; fileRef = 416E14991E02DB3300E56D3D /* ColorDodgeBlendFragmentShader.fsh */; };
		416E149E1E02E43A00E56D3D /* ColorInvertFilter.swift in Sources */ = {isa = PBXBuildFile; fileRef = 416E149D1E02E43A00E56D3D /* ColorInvertFilter.swift */; };
		416E14A01E02E46D00E56D3D /* ColorInvertFragmentShader.fsh in Resources */ = {isa = PBXBuildFile; fileRef = 416E149F1E02E46D00E56D3D /* ColorInvertFragmentShader.fsh */; };
		416E14A31E02E6A500E56D3D /* MinimumComponentFilter.swift in Sources */ = {isa = PBXBuildFile; fileRef = 416E14A21E02E6A500E56D3D /* MinimumComponentFilter.swift */; };
		416E14A51E02E6D400E56D3D /* MinimumComponentFragment.fsh in Resources */ = {isa = PBXBuildFile; fileRef = 416E14A41E02E6D400E56D3D /* MinimumComponentFragment.fsh */; };
		416E14A81E02E80000E56D3D /* MaximumComponentFilter.swift in Sources */ = {isa = PBXBuildFile; fileRef = 416E14A71E02E80000E56D3D /* MaximumComponentFilter.swift */; };
		416E14AA1E02E82900E56D3D /* MaximumComponentFragmentShader.fsh in Resources */ = {isa = PBXBuildFile; fileRef = 416E14A91E02E82900E56D3D /* MaximumComponentFragmentShader.fsh */; };
		416E14AD1E02EC2400E56D3D /* ColorClampFilter.swift in Sources */ = {isa = PBXBuildFile; fileRef = 416E14AC1E02EC2400E56D3D /* ColorClampFilter.swift */; };
		416E14AF1E02ECB200E56D3D /* ColorClampFragmentShader.fsh in Resources */ = {isa = PBXBuildFile; fileRef = 416E14AE1E02ECB200E56D3D /* ColorClampFragmentShader.fsh */; };
		416E14B21E02EF2000E56D3D /* ColorBiasFilter.swift in Sources */ = {isa = PBXBuildFile; fileRef = 416E14B11E02EF2000E56D3D /* ColorBiasFilter.swift */; };
		416E14B41E02EFBE00E56D3D /* ColorMatrixFragmentShader.fsh in Resources */ = {isa = PBXBuildFile; fileRef = 416E14B31E02EFBE00E56D3D /* ColorMatrixFragmentShader.fsh */; };
		416E14B71E02F17000E56D3D /* ExplosureAdjustFilter.swift in Sources */ = {isa = PBXBuildFile; fileRef = 416E14B61E02F17000E56D3D /* ExplosureAdjustFilter.swift */; };
		416E14B91E02F1D900E56D3D /* ExplosureAdjustFragmentShader.fsh in Resources */ = {isa = PBXBuildFile; fileRef = 416E14B81E02F1D900E56D3D /* ExplosureAdjustFragmentShader.fsh */; };
		416E14BC1E02F38F00E56D3D /* GammaAdjustFilter.swift in Sources */ = {isa = PBXBuildFile; fileRef = 416E14BB1E02F38F00E56D3D /* GammaAdjustFilter.swift */; };
		416E14BE1E02F3E700E56D3D /* GammaAdjustFragmentShader.fsh in Resources */ = {isa = PBXBuildFile; fileRef = 416E14BD1E02F3E700E56D3D /* GammaAdjustFragmentShader.fsh */; };
		41BCE3821E0C2A0F00D0BDD5 /* BaseCamera.swift in Sources */ = {isa = PBXBuildFile; fileRef = 41BCE37E1E0C2A0E00D0BDD5 /* BaseCamera.swift */; };
		41BCE3831E0C2A0F00D0BDD5 /* Camera.swift in Sources */ = {isa = PBXBuildFile; fileRef = 41BCE37F1E0C2A0E00D0BDD5 /* Camera.swift */; };
		41BCE3841E0C2A0F00D0BDD5 /* StillImageCamera.swift in Sources */ = {isa = PBXBuildFile; fileRef = 41BCE3801E0C2A0F00D0BDD5 /* StillImageCamera.swift */; };
		41BCE3851E0C2A0F00D0BDD5 /* VideoCamera.swift in Sources */ = {isa = PBXBuildFile; fileRef = 41BCE3811E0C2A0F00D0BDD5 /* VideoCamera.swift */; };
		41D484EE1E08E76B00C2BFD2 /* Canvas.swift in Sources */ = {isa = PBXBuildFile; fileRef = 41D484EC1E08E76B00C2BFD2 /* Canvas.swift */; };
		41D484EF1E08E76B00C2BFD2 /* ImageCanvas.swift in Sources */ = {isa = PBXBuildFile; fileRef = 41D484ED1E08E76B00C2BFD2 /* ImageCanvas.swift */; };
		41D484F81E08E81B00C2BFD2 /* Context.swift in Sources */ = {isa = PBXBuildFile; fileRef = 41D484F31E08E81B00C2BFD2 /* Context.swift */; };
		41D484F91E08E81B00C2BFD2 /* FrameBuffer.swift in Sources */ = {isa = PBXBuildFile; fileRef = 41D484F41E08E81B00C2BFD2 /* FrameBuffer.swift */; };
		41D484FA1E08E81B00C2BFD2 /* Limits.swift in Sources */ = {isa = PBXBuildFile; fileRef = 41D484F51E08E81B00C2BFD2 /* Limits.swift */; };
		41D484FB1E08E81B00C2BFD2 /* Program.swift in Sources */ = {isa = PBXBuildFile; fileRef = 41D484F61E08E81B00C2BFD2 /* Program.swift */; };
		41D484FC1E08E81B00C2BFD2 /* ProgramObjectsCacher.swift in Sources */ = {isa = PBXBuildFile; fileRef = 41D484F71E08E81B00C2BFD2 /* ProgramObjectsCacher.swift */; };
		41DF70311E029B690091B540 /* BoxBlurFilter.swift in Sources */ = {isa = PBXBuildFile; fileRef = 41DF6FF91E029B690091B540 /* BoxBlurFilter.swift */; };
		41DF70321E029B690091B540 /* GaussianBlurFilter.swift in Sources */ = {isa = PBXBuildFile; fileRef = 41DF6FFA1E029B690091B540 /* GaussianBlurFilter.swift */; };
		41DF70331E029B690091B540 /* MedianBlurFilter.swift in Sources */ = {isa = PBXBuildFile; fileRef = 41DF6FFC1E029B690091B540 /* MedianBlurFilter.swift */; };
		41DF70341E029B690091B540 /* MedianBlurFragmentShader.fsh in Resources */ = {isa = PBXBuildFile; fileRef = 41DF6FFD1E029B690091B540 /* MedianBlurFragmentShader.fsh */; };
		41DF70351E029B690091B540 /* MotionBlurFilter.swift in Sources */ = {isa = PBXBuildFile; fileRef = 41DF6FFF1E029B690091B540 /* MotionBlurFilter.swift */; };
		41DF70361E029B690091B540 /* MotionBlurFragmentShader.fsh in Resources */ = {isa = PBXBuildFile; fileRef = 41DF70001E029B690091B540 /* MotionBlurFragmentShader.fsh */; };
		41DF70371E029B690091B540 /* MotionBlurVertexShader.vsh in Resources */ = {isa = PBXBuildFile; fileRef = 41DF70011E029B690091B540 /* MotionBlurVertexShader.vsh */; };
		41DF70381E029B690091B540 /* ZoomBlurFilter.swift in Sources */ = {isa = PBXBuildFile; fileRef = 41DF70031E029B690091B540 /* ZoomBlurFilter.swift */; };
		41DF70391E029B690091B540 /* ZoomBlurFragmentShader.fsh in Resources */ = {isa = PBXBuildFile; fileRef = 41DF70041E029B690091B540 /* ZoomBlurFragmentShader.fsh */; };
		41DF703A1E029B690091B540 /* AdditionBlendFilter.swift in Sources */ = {isa = PBXBuildFile; fileRef = 41DF70071E029B690091B540 /* AdditionBlendFilter.swift */; };
		41DF703B1E029B690091B540 /* AdditionBlendFragmentShader.fsh in Resources */ = {isa = PBXBuildFile; fileRef = 41DF70081E029B690091B540 /* AdditionBlendFragmentShader.fsh */; };
		41DF703C1E029B690091B540 /* DarkenBlendFilter.swift in Sources */ = {isa = PBXBuildFile; fileRef = 41DF700A1E029B690091B540 /* DarkenBlendFilter.swift */; };
		41DF703D1E029B690091B540 /* DarkenBlendFragmentShader.fsh in Resources */ = {isa = PBXBuildFile; fileRef = 41DF700B1E029B690091B540 /* DarkenBlendFragmentShader.fsh */; };
		41DF703E1E029B690091B540 /* DifferenceBlendFilter.swift in Sources */ = {isa = PBXBuildFile; fileRef = 41DF700D1E029B690091B540 /* DifferenceBlendFilter.swift */; };
		41DF703F1E029B690091B540 /* DifferenceBlendFragmentShader.fsh in Resources */ = {isa = PBXBuildFile; fileRef = 41DF700E1E029B690091B540 /* DifferenceBlendFragmentShader.fsh */; };
		41DF70401E029B690091B540 /* DivideBlendFilter.swift in Sources */ = {isa = PBXBuildFile; fileRef = 41DF70101E029B690091B540 /* DivideBlendFilter.swift */; };
		41DF70411E029B690091B540 /* DivideBlendFragmentShader.fsh in Resources */ = {isa = PBXBuildFile; fileRef = 41DF70111E029B690091B540 /* DivideBlendFragmentShader.fsh */; };
		41DF70421E029B690091B540 /* HardLightBlendFilter.swift in Sources */ = {isa = PBXBuildFile; fileRef = 41DF70131E029B690091B540 /* HardLightBlendFilter.swift */; };
		41DF70431E029B690091B540 /* HardLightBlendFragmentShader.fsh in Resources */ = {isa = PBXBuildFile; fileRef = 41DF70141E029B690091B540 /* HardLightBlendFragmentShader.fsh */; };
		41DF70441E029B690091B540 /* LightenBlendFilter.swift in Sources */ = {isa = PBXBuildFile; fileRef = 41DF70161E029B690091B540 /* LightenBlendFilter.swift */; };
		41DF70451E029B690091B540 /* LightenBlendFragmentShader.fsh in Resources */ = {isa = PBXBuildFile; fileRef = 41DF70171E029B690091B540 /* LightenBlendFragmentShader.fsh */; };
		41DF70461E029B690091B540 /* LinearBlendFilter.swift in Sources */ = {isa = PBXBuildFile; fileRef = 41DF70191E029B690091B540 /* LinearBlendFilter.swift */; };
		41DF70471E029B690091B540 /* LinearBlendFragmentShader.fsh in Resources */ = {isa = PBXBuildFile; fileRef = 41DF701A1E029B690091B540 /* LinearBlendFragmentShader.fsh */; };
		41DF70481E029B690091B540 /* MaximumBlendFilter.swift in Sources */ = {isa = PBXBuildFile; fileRef = 41DF701C1E029B690091B540 /* MaximumBlendFilter.swift */; };
		41DF70491E029B690091B540 /* MaximumBlendFragmentShader.fsh in Resources */ = {isa = PBXBuildFile; fileRef = 41DF701D1E029B690091B540 /* MaximumBlendFragmentShader.fsh */; };
		41DF704A1E029B690091B540 /* MinimumBlendFilter.swift in Sources */ = {isa = PBXBuildFile; fileRef = 41DF701F1E029B690091B540 /* MinimumBlendFilter.swift */; };
		41DF704B1E029B690091B540 /* MinimumBlendFragmentShader.fsh in Resources */ = {isa = PBXBuildFile; fileRef = 41DF70201E029B690091B540 /* MinimumBlendFragmentShader.fsh */; };
		41DF704C1E029B690091B540 /* MultiplyBlendFilter.swift in Sources */ = {isa = PBXBuildFile; fileRef = 41DF70221E029B690091B540 /* MultiplyBlendFilter.swift */; };
		41DF704D1E029B690091B540 /* MultiplyBlendFragmentShader.fsh in Resources */ = {isa = PBXBuildFile; fileRef = 41DF70231E029B690091B540 /* MultiplyBlendFragmentShader.fsh */; };
		41DF704E1E029B690091B540 /* OverlayBlendFilter.swift in Sources */ = {isa = PBXBuildFile; fileRef = 41DF70251E029B690091B540 /* OverlayBlendFilter.swift */; };
		41DF704F1E029B690091B540 /* OverlayBlendFragmentShader.fsh in Resources */ = {isa = PBXBuildFile; fileRef = 41DF70261E029B690091B540 /* OverlayBlendFragmentShader.fsh */; };
		41DF70501E029B690091B540 /* ScreenBlendFilter.swift in Sources */ = {isa = PBXBuildFile; fileRef = 41DF70281E029B690091B540 /* ScreenBlendFilter.swift */; };
		41DF70511E029B690091B540 /* ScreenBlendFragmentShader.fsh in Resources */ = {isa = PBXBuildFile; fileRef = 41DF70291E029B690091B540 /* ScreenBlendFragmentShader.fsh */; };
		41DF70521E029B690091B540 /* SoftLightBlendFilter.swift in Sources */ = {isa = PBXBuildFile; fileRef = 41DF702B1E029B690091B540 /* SoftLightBlendFilter.swift */; };
		41DF70531E029B690091B540 /* SoftLightBlendFragmentShader.fsh in Resources */ = {isa = PBXBuildFile; fileRef = 41DF702C1E029B690091B540 /* SoftLightBlendFragmentShader.fsh */; };
		41DF70541E029B690091B540 /* SubtrachBlendFilter.swift in Sources */ = {isa = PBXBuildFile; fileRef = 41DF702E1E029B690091B540 /* SubtrachBlendFilter.swift */; };
		41DF70551E029B690091B540 /* SubtractBlendFragmentShader.fsh in Resources */ = {isa = PBXBuildFile; fileRef = 41DF702F1E029B690091B540 /* SubtractBlendFragmentShader.fsh */; };
		41DF70581E029BA30091B540 /* 3x3KernelVertexShader.vsh in Resources */ = {isa = PBXBuildFile; fileRef = 41DF70561E029BA30091B540 /* 3x3KernelVertexShader.vsh */; };
		41DF70591E029BA30091B540 /* BaseFilter.swift in Sources */ = {isa = PBXBuildFile; fileRef = 41DF70571E029BA30091B540 /* BaseFilter.swift */; };
		41DF705E1E029BAC0091B540 /* Filter.swift in Sources */ = {isa = PBXBuildFile; fileRef = 41DF705A1E029BAC0091B540 /* Filter.swift */; };
		41DF705F1E029BAC0091B540 /* PassthroughVertexShader.vsh in Resources */ = {isa = PBXBuildFile; fileRef = 41DF705B1E029BAC0091B540 /* PassthroughVertexShader.vsh */; };
		41DF70601E029BAC0091B540 /* SingleInputFragmentShader.fsh in Resources */ = {isa = PBXBuildFile; fileRef = 41DF705C1E029BAC0091B540 /* SingleInputFragmentShader.fsh */; };
		41DF70611E029BAC0091B540 /* TwoPassFilter.swift in Sources */ = {isa = PBXBuildFile; fileRef = 41DF705D1E029BAC0091B540 /* TwoPassFilter.swift */; };
		41DF70631E029BB60091B540 /* DualInputFilter.swift in Sources */ = {isa = PBXBuildFile; fileRef = 41DF70621E029BB60091B540 /* DualInputFilter.swift */; };
		41EAAF7F1E17AC86000665BC /* TextureCacher.swift in Sources */ = {isa = PBXBuildFile; fileRef = 41EAAF7E1E17AC86000665BC /* TextureCacher.swift */; };
/* End PBXBuildFile section */

/* Begin PBXContainerItemProxy section */
		414602B71DF9443C00DB59FB /* PBXContainerItemProxy */ = {
			isa = PBXContainerItemProxy;
			containerPortal = 4146029A1DF9443C00DB59FB /* Project object */;
			proxyType = 1;
			remoteGlobalIDString = 414602A11DF9443C00DB59FB;
			remoteInfo = SwiftyImage;
		};
/* End PBXContainerItemProxy section */

/* Begin PBXFileReference section */
		4119F3BD1DF95113007200B5 /* Errors.swift */ = {isa = PBXFileReference; fileEncoding = 4; lastKnownFileType = sourcecode.swift; path = Errors.swift; sourceTree = "<group>"; };
		4119F3BF1DF9533A007200B5 /* String+Helper.swift */ = {isa = PBXFileReference; fileEncoding = 4; lastKnownFileType = sourcecode.swift; path = "String+Helper.swift"; sourceTree = "<group>"; };
		414602A21DF9443C00DB59FB /* SwiftyImage.app */ = {isa = PBXFileReference; explicitFileType = wrapper.application; includeInIndex = 0; path = SwiftyImage.app; sourceTree = BUILT_PRODUCTS_DIR; };
		414602A51DF9443C00DB59FB /* AppDelegate.swift */ = {isa = PBXFileReference; lastKnownFileType = sourcecode.swift; path = AppDelegate.swift; sourceTree = "<group>"; };
		414602A71DF9443C00DB59FB /* ViewController.swift */ = {isa = PBXFileReference; lastKnownFileType = sourcecode.swift; path = ViewController.swift; sourceTree = "<group>"; };
		414602AA1DF9443C00DB59FB /* Base */ = {isa = PBXFileReference; lastKnownFileType = file.storyboard; name = Base; path = Base.lproj/Main.storyboard; sourceTree = "<group>"; };
		414602AC1DF9443C00DB59FB /* Assets.xcassets */ = {isa = PBXFileReference; lastKnownFileType = folder.assetcatalog; path = Assets.xcassets; sourceTree = "<group>"; };
		414602AF1DF9443C00DB59FB /* Base */ = {isa = PBXFileReference; lastKnownFileType = file.storyboard; name = Base; path = Base.lproj/LaunchScreen.storyboard; sourceTree = "<group>"; };
		414602B11DF9443C00DB59FB /* Info.plist */ = {isa = PBXFileReference; lastKnownFileType = text.plist.xml; path = Info.plist; sourceTree = "<group>"; };
		414602B61DF9443C00DB59FB /* SwiftyImageTests.xctest */ = {isa = PBXFileReference; explicitFileType = wrapper.cfbundle; includeInIndex = 0; path = SwiftyImageTests.xctest; sourceTree = BUILT_PRODUCTS_DIR; };
		414602BA1DF9443C00DB59FB /* SwiftyImageTests.swift */ = {isa = PBXFileReference; lastKnownFileType = sourcecode.swift; path = SwiftyImageTests.swift; sourceTree = "<group>"; };
		414602BC1DF9443C00DB59FB /* Info.plist */ = {isa = PBXFileReference; lastKnownFileType = text.plist.xml; path = Info.plist; sourceTree = "<group>"; };
		416E148D1E02D79D00E56D3D /* ColorBurnBlendFilter.swift */ = {isa = PBXFileReference; fileEncoding = 4; lastKnownFileType = sourcecode.swift; path = ColorBurnBlendFilter.swift; sourceTree = "<group>"; };
		416E148F1E02D80700E56D3D /* ColorBurnBlendFragmentShader.fsh */ = {isa = PBXFileReference; fileEncoding = 4; lastKnownFileType = sourcecode.glsl; path = ColorBurnBlendFragmentShader.fsh; sourceTree = "<group>"; };
		416E14921E02D91E00E56D3D /* LinearBurnBlendFilter.swift */ = {isa = PBXFileReference; fileEncoding = 4; lastKnownFileType = sourcecode.swift; path = LinearBurnBlendFilter.swift; sourceTree = "<group>"; };
		416E14941E02D95D00E56D3D /* LinearBurnBlendFragmentShader.fsh */ = {isa = PBXFileReference; fileEncoding = 4; lastKnownFileType = sourcecode.glsl; path = LinearBurnBlendFragmentShader.fsh; sourceTree = "<group>"; };
		416E14971E02DAF000E56D3D /* ColorDodgeBlendFilter.swift */ = {isa = PBXFileReference; fileEncoding = 4; lastKnownFileType = sourcecode.swift; path = ColorDodgeBlendFilter.swift; sourceTree = "<group>"; };
		416E14991E02DB3300E56D3D /* ColorDodgeBlendFragmentShader.fsh */ = {isa = PBXFileReference; fileEncoding = 4; lastKnownFileType = sourcecode.glsl; path = ColorDodgeBlendFragmentShader.fsh; sourceTree = "<group>"; };
		416E149D1E02E43A00E56D3D /* ColorInvertFilter.swift */ = {isa = PBXFileReference; fileEncoding = 4; lastKnownFileType = sourcecode.swift; path = ColorInvertFilter.swift; sourceTree = "<group>"; };
		416E149F1E02E46D00E56D3D /* ColorInvertFragmentShader.fsh */ = {isa = PBXFileReference; fileEncoding = 4; lastKnownFileType = sourcecode.glsl; path = ColorInvertFragmentShader.fsh; sourceTree = "<group>"; };
		416E14A21E02E6A500E56D3D /* MinimumComponentFilter.swift */ = {isa = PBXFileReference; fileEncoding = 4; lastKnownFileType = sourcecode.swift; path = MinimumComponentFilter.swift; sourceTree = "<group>"; };
		416E14A41E02E6D400E56D3D /* MinimumComponentFragment.fsh */ = {isa = PBXFileReference; fileEncoding = 4; lastKnownFileType = sourcecode.glsl; path = MinimumComponentFragment.fsh; sourceTree = "<group>"; };
		416E14A71E02E80000E56D3D /* MaximumComponentFilter.swift */ = {isa = PBXFileReference; fileEncoding = 4; lastKnownFileType = sourcecode.swift; path = MaximumComponentFilter.swift; sourceTree = "<group>"; };
		416E14A91E02E82900E56D3D /* MaximumComponentFragmentShader.fsh */ = {isa = PBXFileReference; fileEncoding = 4; lastKnownFileType = sourcecode.glsl; path = MaximumComponentFragmentShader.fsh; sourceTree = "<group>"; };
		416E14AC1E02EC2400E56D3D /* ColorClampFilter.swift */ = {isa = PBXFileReference; fileEncoding = 4; lastKnownFileType = sourcecode.swift; path = ColorClampFilter.swift; sourceTree = "<group>"; };
		416E14AE1E02ECB200E56D3D /* ColorClampFragmentShader.fsh */ = {isa = PBXFileReference; fileEncoding = 4; lastKnownFileType = sourcecode.glsl; path = ColorClampFragmentShader.fsh; sourceTree = "<group>"; };
		416E14B11E02EF2000E56D3D /* ColorBiasFilter.swift */ = {isa = PBXFileReference; fileEncoding = 4; lastKnownFileType = sourcecode.swift; path = ColorBiasFilter.swift; sourceTree = "<group>"; };
		416E14B31E02EFBE00E56D3D /* ColorMatrixFragmentShader.fsh */ = {isa = PBXFileReference; fileEncoding = 4; lastKnownFileType = sourcecode.glsl; path = ColorMatrixFragmentShader.fsh; sourceTree = "<group>"; };
		416E14B61E02F17000E56D3D /* ExplosureAdjustFilter.swift */ = {isa = PBXFileReference; fileEncoding = 4; lastKnownFileType = sourcecode.swift; path = ExplosureAdjustFilter.swift; sourceTree = "<group>"; };
		416E14B81E02F1D900E56D3D /* ExplosureAdjustFragmentShader.fsh */ = {isa = PBXFileReference; fileEncoding = 4; lastKnownFileType = sourcecode.glsl; path = ExplosureAdjustFragmentShader.fsh; sourceTree = "<group>"; };
		416E14BB1E02F38F00E56D3D /* GammaAdjustFilter.swift */ = {isa = PBXFileReference; fileEncoding = 4; lastKnownFileType = sourcecode.swift; path = GammaAdjustFilter.swift; sourceTree = "<group>"; };
		416E14BD1E02F3E700E56D3D /* GammaAdjustFragmentShader.fsh */ = {isa = PBXFileReference; fileEncoding = 4; lastKnownFileType = sourcecode.glsl; path = GammaAdjustFragmentShader.fsh; sourceTree = "<group>"; };
		41BCE37E1E0C2A0E00D0BDD5 /* BaseCamera.swift */ = {isa = PBXFileReference; fileEncoding = 4; lastKnownFileType = sourcecode.swift; path = BaseCamera.swift; sourceTree = "<group>"; };
		41BCE37F1E0C2A0E00D0BDD5 /* Camera.swift */ = {isa = PBXFileReference; fileEncoding = 4; lastKnownFileType = sourcecode.swift; path = Camera.swift; sourceTree = "<group>"; };
		41BCE3801E0C2A0F00D0BDD5 /* StillImageCamera.swift */ = {isa = PBXFileReference; fileEncoding = 4; lastKnownFileType = sourcecode.swift; path = StillImageCamera.swift; sourceTree = "<group>"; };
		41BCE3811E0C2A0F00D0BDD5 /* VideoCamera.swift */ = {isa = PBXFileReference; fileEncoding = 4; lastKnownFileType = sourcecode.swift; path = VideoCamera.swift; sourceTree = "<group>"; };
		41D484EC1E08E76B00C2BFD2 /* Canvas.swift */ = {isa = PBXFileReference; fileEncoding = 4; lastKnownFileType = sourcecode.swift; path = Canvas.swift; sourceTree = "<group>"; };
		41D484ED1E08E76B00C2BFD2 /* ImageCanvas.swift */ = {isa = PBXFileReference; fileEncoding = 4; lastKnownFileType = sourcecode.swift; path = ImageCanvas.swift; sourceTree = "<group>"; };
		41D484F31E08E81B00C2BFD2 /* Context.swift */ = {isa = PBXFileReference; fileEncoding = 4; lastKnownFileType = sourcecode.swift; path = Context.swift; sourceTree = "<group>"; };
		41D484F41E08E81B00C2BFD2 /* FrameBuffer.swift */ = {isa = PBXFileReference; fileEncoding = 4; lastKnownFileType = sourcecode.swift; path = FrameBuffer.swift; sourceTree = "<group>"; };
		41D484F51E08E81B00C2BFD2 /* Limits.swift */ = {isa = PBXFileReference; fileEncoding = 4; lastKnownFileType = sourcecode.swift; path = Limits.swift; sourceTree = "<group>"; };
		41D484F61E08E81B00C2BFD2 /* Program.swift */ = {isa = PBXFileReference; fileEncoding = 4; lastKnownFileType = sourcecode.swift; path = Program.swift; sourceTree = "<group>"; };
		41D484F71E08E81B00C2BFD2 /* ProgramObjectsCacher.swift */ = {isa = PBXFileReference; fileEncoding = 4; lastKnownFileType = sourcecode.swift; path = ProgramObjectsCacher.swift; sourceTree = "<group>"; };
		41DF6FF91E029B690091B540 /* BoxBlurFilter.swift */ = {isa = PBXFileReference; fileEncoding = 4; lastKnownFileType = sourcecode.swift; path = BoxBlurFilter.swift; sourceTree = "<group>"; };
		41DF6FFA1E029B690091B540 /* GaussianBlurFilter.swift */ = {isa = PBXFileReference; fileEncoding = 4; lastKnownFileType = sourcecode.swift; path = GaussianBlurFilter.swift; sourceTree = "<group>"; };
		41DF6FFC1E029B690091B540 /* MedianBlurFilter.swift */ = {isa = PBXFileReference; fileEncoding = 4; lastKnownFileType = sourcecode.swift; path = MedianBlurFilter.swift; sourceTree = "<group>"; };
		41DF6FFD1E029B690091B540 /* MedianBlurFragmentShader.fsh */ = {isa = PBXFileReference; fileEncoding = 4; lastKnownFileType = sourcecode.glsl; path = MedianBlurFragmentShader.fsh; sourceTree = "<group>"; };
		41DF6FFF1E029B690091B540 /* MotionBlurFilter.swift */ = {isa = PBXFileReference; fileEncoding = 4; lastKnownFileType = sourcecode.swift; path = MotionBlurFilter.swift; sourceTree = "<group>"; };
		41DF70001E029B690091B540 /* MotionBlurFragmentShader.fsh */ = {isa = PBXFileReference; fileEncoding = 4; lastKnownFileType = sourcecode.glsl; path = MotionBlurFragmentShader.fsh; sourceTree = "<group>"; };
		41DF70011E029B690091B540 /* MotionBlurVertexShader.vsh */ = {isa = PBXFileReference; fileEncoding = 4; lastKnownFileType = sourcecode.glsl; path = MotionBlurVertexShader.vsh; sourceTree = "<group>"; };
		41DF70031E029B690091B540 /* ZoomBlurFilter.swift */ = {isa = PBXFileReference; fileEncoding = 4; lastKnownFileType = sourcecode.swift; path = ZoomBlurFilter.swift; sourceTree = "<group>"; };
		41DF70041E029B690091B540 /* ZoomBlurFragmentShader.fsh */ = {isa = PBXFileReference; fileEncoding = 4; lastKnownFileType = sourcecode.glsl; path = ZoomBlurFragmentShader.fsh; sourceTree = "<group>"; };
		41DF70071E029B690091B540 /* AdditionBlendFilter.swift */ = {isa = PBXFileReference; fileEncoding = 4; lastKnownFileType = sourcecode.swift; path = AdditionBlendFilter.swift; sourceTree = "<group>"; };
		41DF70081E029B690091B540 /* AdditionBlendFragmentShader.fsh */ = {isa = PBXFileReference; fileEncoding = 4; lastKnownFileType = sourcecode.glsl; path = AdditionBlendFragmentShader.fsh; sourceTree = "<group>"; };
		41DF700A1E029B690091B540 /* DarkenBlendFilter.swift */ = {isa = PBXFileReference; fileEncoding = 4; lastKnownFileType = sourcecode.swift; path = DarkenBlendFilter.swift; sourceTree = "<group>"; };
		41DF700B1E029B690091B540 /* DarkenBlendFragmentShader.fsh */ = {isa = PBXFileReference; fileEncoding = 4; lastKnownFileType = sourcecode.glsl; path = DarkenBlendFragmentShader.fsh; sourceTree = "<group>"; };
		41DF700D1E029B690091B540 /* DifferenceBlendFilter.swift */ = {isa = PBXFileReference; fileEncoding = 4; lastKnownFileType = sourcecode.swift; path = DifferenceBlendFilter.swift; sourceTree = "<group>"; };
		41DF700E1E029B690091B540 /* DifferenceBlendFragmentShader.fsh */ = {isa = PBXFileReference; fileEncoding = 4; lastKnownFileType = sourcecode.glsl; path = DifferenceBlendFragmentShader.fsh; sourceTree = "<group>"; };
		41DF70101E029B690091B540 /* DivideBlendFilter.swift */ = {isa = PBXFileReference; fileEncoding = 4; lastKnownFileType = sourcecode.swift; path = DivideBlendFilter.swift; sourceTree = "<group>"; };
		41DF70111E029B690091B540 /* DivideBlendFragmentShader.fsh */ = {isa = PBXFileReference; fileEncoding = 4; lastKnownFileType = sourcecode.glsl; path = DivideBlendFragmentShader.fsh; sourceTree = "<group>"; };
		41DF70131E029B690091B540 /* HardLightBlendFilter.swift */ = {isa = PBXFileReference; fileEncoding = 4; lastKnownFileType = sourcecode.swift; path = HardLightBlendFilter.swift; sourceTree = "<group>"; };
		41DF70141E029B690091B540 /* HardLightBlendFragmentShader.fsh */ = {isa = PBXFileReference; fileEncoding = 4; lastKnownFileType = sourcecode.glsl; path = HardLightBlendFragmentShader.fsh; sourceTree = "<group>"; };
		41DF70161E029B690091B540 /* LightenBlendFilter.swift */ = {isa = PBXFileReference; fileEncoding = 4; lastKnownFileType = sourcecode.swift; path = LightenBlendFilter.swift; sourceTree = "<group>"; };
		41DF70171E029B690091B540 /* LightenBlendFragmentShader.fsh */ = {isa = PBXFileReference; fileEncoding = 4; lastKnownFileType = sourcecode.glsl; path = LightenBlendFragmentShader.fsh; sourceTree = "<group>"; };
		41DF70191E029B690091B540 /* LinearBlendFilter.swift */ = {isa = PBXFileReference; fileEncoding = 4; lastKnownFileType = sourcecode.swift; path = LinearBlendFilter.swift; sourceTree = "<group>"; };
		41DF701A1E029B690091B540 /* LinearBlendFragmentShader.fsh */ = {isa = PBXFileReference; fileEncoding = 4; lastKnownFileType = sourcecode.glsl; path = LinearBlendFragmentShader.fsh; sourceTree = "<group>"; };
		41DF701C1E029B690091B540 /* MaximumBlendFilter.swift */ = {isa = PBXFileReference; fileEncoding = 4; lastKnownFileType = sourcecode.swift; path = MaximumBlendFilter.swift; sourceTree = "<group>"; };
		41DF701D1E029B690091B540 /* MaximumBlendFragmentShader.fsh */ = {isa = PBXFileReference; fileEncoding = 4; lastKnownFileType = sourcecode.glsl; path = MaximumBlendFragmentShader.fsh; sourceTree = "<group>"; };
		41DF701F1E029B690091B540 /* MinimumBlendFilter.swift */ = {isa = PBXFileReference; fileEncoding = 4; lastKnownFileType = sourcecode.swift; path = MinimumBlendFilter.swift; sourceTree = "<group>"; };
		41DF70201E029B690091B540 /* MinimumBlendFragmentShader.fsh */ = {isa = PBXFileReference; fileEncoding = 4; lastKnownFileType = sourcecode.glsl; path = MinimumBlendFragmentShader.fsh; sourceTree = "<group>"; };
		41DF70221E029B690091B540 /* MultiplyBlendFilter.swift */ = {isa = PBXFileReference; fileEncoding = 4; lastKnownFileType = sourcecode.swift; path = MultiplyBlendFilter.swift; sourceTree = "<group>"; };
		41DF70231E029B690091B540 /* MultiplyBlendFragmentShader.fsh */ = {isa = PBXFileReference; fileEncoding = 4; lastKnownFileType = sourcecode.glsl; path = MultiplyBlendFragmentShader.fsh; sourceTree = "<group>"; };
		41DF70251E029B690091B540 /* OverlayBlendFilter.swift */ = {isa = PBXFileReference; fileEncoding = 4; lastKnownFileType = sourcecode.swift; path = OverlayBlendFilter.swift; sourceTree = "<group>"; };
		41DF70261E029B690091B540 /* OverlayBlendFragmentShader.fsh */ = {isa = PBXFileReference; fileEncoding = 4; lastKnownFileType = sourcecode.glsl; path = OverlayBlendFragmentShader.fsh; sourceTree = "<group>"; };
		41DF70281E029B690091B540 /* ScreenBlendFilter.swift */ = {isa = PBXFileReference; fileEncoding = 4; lastKnownFileType = sourcecode.swift; path = ScreenBlendFilter.swift; sourceTree = "<group>"; };
		41DF70291E029B690091B540 /* ScreenBlendFragmentShader.fsh */ = {isa = PBXFileReference; fileEncoding = 4; lastKnownFileType = sourcecode.glsl; path = ScreenBlendFragmentShader.fsh; sourceTree = "<group>"; };
		41DF702B1E029B690091B540 /* SoftLightBlendFilter.swift */ = {isa = PBXFileReference; fileEncoding = 4; lastKnownFileType = sourcecode.swift; path = SoftLightBlendFilter.swift; sourceTree = "<group>"; };
		41DF702C1E029B690091B540 /* SoftLightBlendFragmentShader.fsh */ = {isa = PBXFileReference; fileEncoding = 4; lastKnownFileType = sourcecode.glsl; path = SoftLightBlendFragmentShader.fsh; sourceTree = "<group>"; };
		41DF702E1E029B690091B540 /* SubtrachBlendFilter.swift */ = {isa = PBXFileReference; fileEncoding = 4; lastKnownFileType = sourcecode.swift; path = SubtrachBlendFilter.swift; sourceTree = "<group>"; };
		41DF702F1E029B690091B540 /* SubtractBlendFragmentShader.fsh */ = {isa = PBXFileReference; fileEncoding = 4; lastKnownFileType = sourcecode.glsl; path = SubtractBlendFragmentShader.fsh; sourceTree = "<group>"; };
		41DF70561E029BA30091B540 /* 3x3KernelVertexShader.vsh */ = {isa = PBXFileReference; fileEncoding = 4; lastKnownFileType = sourcecode.glsl; path = 3x3KernelVertexShader.vsh; sourceTree = "<group>"; };
		41DF70571E029BA30091B540 /* BaseFilter.swift */ = {isa = PBXFileReference; fileEncoding = 4; lastKnownFileType = sourcecode.swift; path = BaseFilter.swift; sourceTree = "<group>"; };
		41DF705A1E029BAC0091B540 /* Filter.swift */ = {isa = PBXFileReference; fileEncoding = 4; lastKnownFileType = sourcecode.swift; path = Filter.swift; sourceTree = "<group>"; };
		41DF705B1E029BAC0091B540 /* PassthroughVertexShader.vsh */ = {isa = PBXFileReference; fileEncoding = 4; lastKnownFileType = sourcecode.glsl; path = PassthroughVertexShader.vsh; sourceTree = "<group>"; };
		41DF705C1E029BAC0091B540 /* SingleInputFragmentShader.fsh */ = {isa = PBXFileReference; fileEncoding = 4; lastKnownFileType = sourcecode.glsl; path = SingleInputFragmentShader.fsh; sourceTree = "<group>"; };
		41DF705D1E029BAC0091B540 /* TwoPassFilter.swift */ = {isa = PBXFileReference; fileEncoding = 4; lastKnownFileType = sourcecode.swift; path = TwoPassFilter.swift; sourceTree = "<group>"; };
		41DF70621E029BB60091B540 /* DualInputFilter.swift */ = {isa = PBXFileReference; fileEncoding = 4; lastKnownFileType = sourcecode.swift; path = DualInputFilter.swift; sourceTree = "<group>"; };
		41EAAF7E1E17AC86000665BC /* TextureCacher.swift */ = {isa = PBXFileReference; fileEncoding = 4; lastKnownFileType = sourcecode.swift; path = TextureCacher.swift; sourceTree = "<group>"; };
/* End PBXFileReference section */

/* Begin PBXFrameworksBuildPhase section */
		4146029F1DF9443C00DB59FB /* Frameworks */ = {
			isa = PBXFrameworksBuildPhase;
			buildActionMask = 2147483647;
			files = (
			);
			runOnlyForDeploymentPostprocessing = 0;
		};
		414602B31DF9443C00DB59FB /* Frameworks */ = {
			isa = PBXFrameworksBuildPhase;
			buildActionMask = 2147483647;
			files = (
			);
			runOnlyForDeploymentPostprocessing = 0;
		};
/* End PBXFrameworksBuildPhase section */

/* Begin PBXGroup section */
		414602991DF9443C00DB59FB = {
			isa = PBXGroup;
			children = (
				414602A41DF9443C00DB59FB /* SwiftyImage */,
				414602B91DF9443C00DB59FB /* SwiftyImageTests */,
				414602A31DF9443C00DB59FB /* Products */,
			);
			sourceTree = "<group>";
		};
		414602A31DF9443C00DB59FB /* Products */ = {
			isa = PBXGroup;
			children = (
				414602A21DF9443C00DB59FB /* SwiftyImage.app */,
				414602B61DF9443C00DB59FB /* SwiftyImageTests.xctest */,
			);
			name = Products;
			sourceTree = "<group>";
		};
		414602A41DF9443C00DB59FB /* SwiftyImage */ = {
			isa = PBXGroup;
			children = (
				414602A51DF9443C00DB59FB /* AppDelegate.swift */,
				414602A71DF9443C00DB59FB /* ViewController.swift */,
				414602A91DF9443C00DB59FB /* Main.storyboard */,
				414602AC1DF9443C00DB59FB /* Assets.xcassets */,
				414602AE1DF9443C00DB59FB /* LaunchScreen.storyboard */,
				414602C51DF9445A00DB59FB /* Sources */,
				414602B11DF9443C00DB59FB /* Info.plist */,
			);
			path = SwiftyImage;
			sourceTree = "<group>";
		};
		414602B91DF9443C00DB59FB /* SwiftyImageTests */ = {
			isa = PBXGroup;
			children = (
				414602BA1DF9443C00DB59FB /* SwiftyImageTests.swift */,
				414602BC1DF9443C00DB59FB /* Info.plist */,
			);
			path = SwiftyImageTests;
			sourceTree = "<group>";
		};
		414602C51DF9445A00DB59FB /* Sources */ = {
			isa = PBXGroup;
			children = (
				4119F3BD1DF95113007200B5 /* Errors.swift */,
				4119F3BF1DF9533A007200B5 /* String+Helper.swift */,
				41D484F21E08E81B00C2BFD2 /* GLObjects */,
				41BCE37D1E0C2A0E00D0BDD5 /* Camera */,
				41D484EB1E08E76B00C2BFD2 /* Canvas */,
				41DF6FF71E029B690091B540 /* Filters */,
			);
			path = Sources;
			sourceTree = "<group>";
		};
		416E148C1E02D76F00E56D3D /* ColorBurnBlend */ = {
			isa = PBXGroup;
			children = (
				416E148D1E02D79D00E56D3D /* ColorBurnBlendFilter.swift */,
				416E148F1E02D80700E56D3D /* ColorBurnBlendFragmentShader.fsh */,
			);
			path = ColorBurnBlend;
			sourceTree = "<group>";
		};
		416E14911E02D91100E56D3D /* LinearBurnBlend */ = {
			isa = PBXGroup;
			children = (
				416E14921E02D91E00E56D3D /* LinearBurnBlendFilter.swift */,
				416E14941E02D95D00E56D3D /* LinearBurnBlendFragmentShader.fsh */,
			);
			path = LinearBurnBlend;
			sourceTree = "<group>";
		};
		416E14961E02DAE400E56D3D /* ColorDodgeBlend */ = {
			isa = PBXGroup;
			children = (
				416E14971E02DAF000E56D3D /* ColorDodgeBlendFilter.swift */,
				416E14991E02DB3300E56D3D /* ColorDodgeBlendFragmentShader.fsh */,
			);
			path = ColorDodgeBlend;
			sourceTree = "<group>";
		};
		416E149B1E02E41E00E56D3D /* Color */ = {
			isa = PBXGroup;
			children = (
				416E149C1E02E43000E56D3D /* ColorInvertFilter */,
				416E14A11E02E68E00E56D3D /* MinimumComponentFilter */,
				416E14A61E02E7EF00E56D3D /* MaximumComponentFilter */,
				416E14AB1E02EC1100E56D3D /* ColorClampFilter */,
				416E14B01E02EF1400E56D3D /* ColorBiasFilter */,
				416E14B51E02F16100E56D3D /* ExplosureAdjustFilter */,
				416E14BA1E02F37800E56D3D /* GammaAdjustFilter */,
			);
			path = Color;
			sourceTree = "<group>";
		};
		416E149C1E02E43000E56D3D /* ColorInvertFilter */ = {
			isa = PBXGroup;
			children = (
				416E149D1E02E43A00E56D3D /* ColorInvertFilter.swift */,
				416E149F1E02E46D00E56D3D /* ColorInvertFragmentShader.fsh */,
			);
			path = ColorInvertFilter;
			sourceTree = "<group>";
		};
		416E14A11E02E68E00E56D3D /* MinimumComponentFilter */ = {
			isa = PBXGroup;
			children = (
				416E14A21E02E6A500E56D3D /* MinimumComponentFilter.swift */,
				416E14A41E02E6D400E56D3D /* MinimumComponentFragment.fsh */,
			);
			path = MinimumComponentFilter;
			sourceTree = "<group>";
		};
		416E14A61E02E7EF00E56D3D /* MaximumComponentFilter */ = {
			isa = PBXGroup;
			children = (
				416E14A71E02E80000E56D3D /* MaximumComponentFilter.swift */,
				416E14A91E02E82900E56D3D /* MaximumComponentFragmentShader.fsh */,
			);
			path = MaximumComponentFilter;
			sourceTree = "<group>";
		};
		416E14AB1E02EC1100E56D3D /* ColorClampFilter */ = {
			isa = PBXGroup;
			children = (
				416E14AC1E02EC2400E56D3D /* ColorClampFilter.swift */,
				416E14AE1E02ECB200E56D3D /* ColorClampFragmentShader.fsh */,
			);
			path = ColorClampFilter;
			sourceTree = "<group>";
		};
		416E14B01E02EF1400E56D3D /* ColorBiasFilter */ = {
			isa = PBXGroup;
			children = (
				416E14B11E02EF2000E56D3D /* ColorBiasFilter.swift */,
				416E14B31E02EFBE00E56D3D /* ColorMatrixFragmentShader.fsh */,
			);
			name = ColorBiasFilter;
			path = ColorMatrixFilter;
			sourceTree = "<group>";
		};
		416E14B51E02F16100E56D3D /* ExplosureAdjustFilter */ = {
			isa = PBXGroup;
			children = (
				416E14B61E02F17000E56D3D /* ExplosureAdjustFilter.swift */,
				416E14B81E02F1D900E56D3D /* ExplosureAdjustFragmentShader.fsh */,
			);
			path = ExplosureAdjustFilter;
			sourceTree = "<group>";
		};
		416E14BA1E02F37800E56D3D /* GammaAdjustFilter */ = {
			isa = PBXGroup;
			children = (
				416E14BB1E02F38F00E56D3D /* GammaAdjustFilter.swift */,
				416E14BD1E02F3E700E56D3D /* GammaAdjustFragmentShader.fsh */,
			);
			name = GammaAdjustFilter;
			path = SwiftyImage/Sources/Filters/Effect/Color/GammaAdjustFilter;
			sourceTree = SOURCE_ROOT;
		};
		41BCE37D1E0C2A0E00D0BDD5 /* Camera */ = {
			isa = PBXGroup;
			children = (
				41BCE37E1E0C2A0E00D0BDD5 /* BaseCamera.swift */,
				41BCE37F1E0C2A0E00D0BDD5 /* Camera.swift */,
				41BCE3801E0C2A0F00D0BDD5 /* StillImageCamera.swift */,
				41BCE3811E0C2A0F00D0BDD5 /* VideoCamera.swift */,
			);
			path = Camera;
			sourceTree = "<group>";
		};
		41D484EB1E08E76B00C2BFD2 /* Canvas */ = {
			isa = PBXGroup;
			children = (
				41D484EC1E08E76B00C2BFD2 /* Canvas.swift */,
				41D484ED1E08E76B00C2BFD2 /* ImageCanvas.swift */,
			);
			path = Canvas;
			sourceTree = "<group>";
		};
		41D484F21E08E81B00C2BFD2 /* GLObjects */ = {
			isa = PBXGroup;
			children = (
				41D484F31E08E81B00C2BFD2 /* Context.swift */,
				41D484F41E08E81B00C2BFD2 /* FrameBuffer.swift */,
				41D484F51E08E81B00C2BFD2 /* Limits.swift */,
				41D484F61E08E81B00C2BFD2 /* Program.swift */,
				41D484F71E08E81B00C2BFD2 /* ProgramObjectsCacher.swift */,
				41EAAF7E1E17AC86000665BC /* TextureCacher.swift */,
			);
			path = GLObjects;
			sourceTree = "<group>";
		};
		41DF6FF71E029B690091B540 /* Filters */ = {
			isa = PBXGroup;
			children = (
				41DF70561E029BA30091B540 /* 3x3KernelVertexShader.vsh */,
				41DF705B1E029BAC0091B540 /* PassthroughVertexShader.vsh */,
				41DF705C1E029BAC0091B540 /* SingleInputFragmentShader.fsh */,
				41DF705A1E029BAC0091B540 /* Filter.swift */,
				41DF70571E029BA30091B540 /* BaseFilter.swift */,
				41DF705D1E029BAC0091B540 /* TwoPassFilter.swift */,
				41DF70621E029BB60091B540 /* DualInputFilter.swift */,
				41DF6FF81E029B690091B540 /* Blur */,
				41DF70051E029B690091B540 /* Composite */,
				41DF70301E029B690091B540 /* Effect */,
			);
			path = Filters;
			sourceTree = "<group>";
		};
		41DF6FF81E029B690091B540 /* Blur */ = {
			isa = PBXGroup;
			children = (
				41DF6FF91E029B690091B540 /* BoxBlurFilter.swift */,
				41DF6FFA1E029B690091B540 /* GaussianBlurFilter.swift */,
				41DF6FFB1E029B690091B540 /* MedianBlur */,
				41DF6FFE1E029B690091B540 /* MotionBlur */,
				41DF70021E029B690091B540 /* ZoomBlur */,
			);
			path = Blur;
			sourceTree = "<group>";
		};
		41DF6FFB1E029B690091B540 /* MedianBlur */ = {
			isa = PBXGroup;
			children = (
				41DF6FFC1E029B690091B540 /* MedianBlurFilter.swift */,
				41DF6FFD1E029B690091B540 /* MedianBlurFragmentShader.fsh */,
			);
			path = MedianBlur;
			sourceTree = "<group>";
		};
		41DF6FFE1E029B690091B540 /* MotionBlur */ = {
			isa = PBXGroup;
			children = (
				41DF6FFF1E029B690091B540 /* MotionBlurFilter.swift */,
				41DF70001E029B690091B540 /* MotionBlurFragmentShader.fsh */,
				41DF70011E029B690091B540 /* MotionBlurVertexShader.vsh */,
			);
			path = MotionBlur;
			sourceTree = "<group>";
		};
		41DF70021E029B690091B540 /* ZoomBlur */ = {
			isa = PBXGroup;
			children = (
				41DF70031E029B690091B540 /* ZoomBlurFilter.swift */,
				41DF70041E029B690091B540 /* ZoomBlurFragmentShader.fsh */,
			);
			path = ZoomBlur;
			sourceTree = "<group>";
		};
		41DF70051E029B690091B540 /* Composite */ = {
			isa = PBXGroup;
			children = (
				41DF70061E029B690091B540 /* AdditionBlend */,
				41DF70091E029B690091B540 /* DarkenBlend */,
				41DF700C1E029B690091B540 /* DifferenceBlend */,
				41DF700F1E029B690091B540 /* DivideBlend */,
				41DF70121E029B690091B540 /* HardLightBlend */,
				41DF70151E029B690091B540 /* LightenBlend */,
				41DF70181E029B690091B540 /* LinearBlend */,
				41DF701B1E029B690091B540 /* MaximumBlend */,
				41DF701E1E029B690091B540 /* MinimumBlend */,
				41DF70211E029B690091B540 /* MultiplyBlend */,
				41DF70241E029B690091B540 /* OverlayBlend */,
				41DF70271E029B690091B540 /* ScreenBlend */,
				41DF702A1E029B690091B540 /* SoftLightBlend */,
				41DF702D1E029B690091B540 /* SubtractBlend */,
				416E148C1E02D76F00E56D3D /* ColorBurnBlend */,
				416E14911E02D91100E56D3D /* LinearBurnBlend */,
				416E14961E02DAE400E56D3D /* ColorDodgeBlend */,
			);
			path = Composite;
			sourceTree = "<group>";
		};
		41DF70061E029B690091B540 /* AdditionBlend */ = {
			isa = PBXGroup;
			children = (
				41DF70071E029B690091B540 /* AdditionBlendFilter.swift */,
				41DF70081E029B690091B540 /* AdditionBlendFragmentShader.fsh */,
			);
			path = AdditionBlend;
			sourceTree = "<group>";
		};
		41DF70091E029B690091B540 /* DarkenBlend */ = {
			isa = PBXGroup;
			children = (
				41DF700A1E029B690091B540 /* DarkenBlendFilter.swift */,
				41DF700B1E029B690091B540 /* DarkenBlendFragmentShader.fsh */,
			);
			path = DarkenBlend;
			sourceTree = "<group>";
		};
		41DF700C1E029B690091B540 /* DifferenceBlend */ = {
			isa = PBXGroup;
			children = (
				41DF700D1E029B690091B540 /* DifferenceBlendFilter.swift */,
				41DF700E1E029B690091B540 /* DifferenceBlendFragmentShader.fsh */,
			);
			path = DifferenceBlend;
			sourceTree = "<group>";
		};
		41DF700F1E029B690091B540 /* DivideBlend */ = {
			isa = PBXGroup;
			children = (
				41DF70101E029B690091B540 /* DivideBlendFilter.swift */,
				41DF70111E029B690091B540 /* DivideBlendFragmentShader.fsh */,
			);
			path = DivideBlend;
			sourceTree = "<group>";
		};
		41DF70121E029B690091B540 /* HardLightBlend */ = {
			isa = PBXGroup;
			children = (
				41DF70131E029B690091B540 /* HardLightBlendFilter.swift */,
				41DF70141E029B690091B540 /* HardLightBlendFragmentShader.fsh */,
			);
			path = HardLightBlend;
			sourceTree = "<group>";
		};
		41DF70151E029B690091B540 /* LightenBlend */ = {
			isa = PBXGroup;
			children = (
				41DF70161E029B690091B540 /* LightenBlendFilter.swift */,
				41DF70171E029B690091B540 /* LightenBlendFragmentShader.fsh */,
			);
			path = LightenBlend;
			sourceTree = "<group>";
		};
		41DF70181E029B690091B540 /* LinearBlend */ = {
			isa = PBXGroup;
			children = (
				41DF70191E029B690091B540 /* LinearBlendFilter.swift */,
				41DF701A1E029B690091B540 /* LinearBlendFragmentShader.fsh */,
			);
			path = LinearBlend;
			sourceTree = "<group>";
		};
		41DF701B1E029B690091B540 /* MaximumBlend */ = {
			isa = PBXGroup;
			children = (
				41DF701C1E029B690091B540 /* MaximumBlendFilter.swift */,
				41DF701D1E029B690091B540 /* MaximumBlendFragmentShader.fsh */,
			);
			path = MaximumBlend;
			sourceTree = "<group>";
		};
		41DF701E1E029B690091B540 /* MinimumBlend */ = {
			isa = PBXGroup;
			children = (
				41DF701F1E029B690091B540 /* MinimumBlendFilter.swift */,
				41DF70201E029B690091B540 /* MinimumBlendFragmentShader.fsh */,
			);
			path = MinimumBlend;
			sourceTree = "<group>";
		};
		41DF70211E029B690091B540 /* MultiplyBlend */ = {
			isa = PBXGroup;
			children = (
				41DF70221E029B690091B540 /* MultiplyBlendFilter.swift */,
				41DF70231E029B690091B540 /* MultiplyBlendFragmentShader.fsh */,
			);
			path = MultiplyBlend;
			sourceTree = "<group>";
		};
		41DF70241E029B690091B540 /* OverlayBlend */ = {
			isa = PBXGroup;
			children = (
				41DF70251E029B690091B540 /* OverlayBlendFilter.swift */,
				41DF70261E029B690091B540 /* OverlayBlendFragmentShader.fsh */,
			);
			path = OverlayBlend;
			sourceTree = "<group>";
		};
		41DF70271E029B690091B540 /* ScreenBlend */ = {
			isa = PBXGroup;
			children = (
				41DF70281E029B690091B540 /* ScreenBlendFilter.swift */,
				41DF70291E029B690091B540 /* ScreenBlendFragmentShader.fsh */,
			);
			path = ScreenBlend;
			sourceTree = "<group>";
		};
		41DF702A1E029B690091B540 /* SoftLightBlend */ = {
			isa = PBXGroup;
			children = (
				41DF702B1E029B690091B540 /* SoftLightBlendFilter.swift */,
				41DF702C1E029B690091B540 /* SoftLightBlendFragmentShader.fsh */,
			);
			path = SoftLightBlend;
			sourceTree = "<group>";
		};
		41DF702D1E029B690091B540 /* SubtractBlend */ = {
			isa = PBXGroup;
			children = (
				41DF702E1E029B690091B540 /* SubtrachBlendFilter.swift */,
				41DF702F1E029B690091B540 /* SubtractBlendFragmentShader.fsh */,
			);
			path = SubtractBlend;
			sourceTree = "<group>";
		};
		41DF70301E029B690091B540 /* Effect */ = {
			isa = PBXGroup;
			children = (
				416E149B1E02E41E00E56D3D /* Color */,
			);
			path = Effect;
			sourceTree = "<group>";
		};
/* End PBXGroup section */

/* Begin PBXNativeTarget section */
		414602A11DF9443C00DB59FB /* SwiftyImage */ = {
			isa = PBXNativeTarget;
			buildConfigurationList = 414602BF1DF9443C00DB59FB /* Build configuration list for PBXNativeTarget "SwiftyImage" */;
			buildPhases = (
				4146029E1DF9443C00DB59FB /* Sources */,
				4146029F1DF9443C00DB59FB /* Frameworks */,
				414602A01DF9443C00DB59FB /* Resources */,
			);
			buildRules = (
			);
			dependencies = (
			);
			name = SwiftyImage;
			productName = SwiftyImage;
			productReference = 414602A21DF9443C00DB59FB /* SwiftyImage.app */;
			productType = "com.apple.product-type.application";
		};
		414602B51DF9443C00DB59FB /* SwiftyImageTests */ = {
			isa = PBXNativeTarget;
			buildConfigurationList = 414602C21DF9443C00DB59FB /* Build configuration list for PBXNativeTarget "SwiftyImageTests" */;
			buildPhases = (
				414602B21DF9443C00DB59FB /* Sources */,
				414602B31DF9443C00DB59FB /* Frameworks */,
				414602B41DF9443C00DB59FB /* Resources */,
			);
			buildRules = (
			);
			dependencies = (
				414602B81DF9443C00DB59FB /* PBXTargetDependency */,
			);
			name = SwiftyImageTests;
			productName = SwiftyImageTests;
			productReference = 414602B61DF9443C00DB59FB /* SwiftyImageTests.xctest */;
			productType = "com.apple.product-type.bundle.unit-test";
		};
/* End PBXNativeTarget section */

/* Begin PBXProject section */
		4146029A1DF9443C00DB59FB /* Project object */ = {
			isa = PBXProject;
			attributes = {
				LastSwiftUpdateCheck = 0810;
				LastUpgradeCheck = 0810;
				ORGANIZATIONNAME = tqitfnypmb;
				TargetAttributes = {
					414602A11DF9443C00DB59FB = {
						CreatedOnToolsVersion = 8.1;
						ProvisioningStyle = Automatic;
					};
					414602B51DF9443C00DB59FB = {
						CreatedOnToolsVersion = 8.1;
						ProvisioningStyle = Automatic;
						TestTargetID = 414602A11DF9443C00DB59FB;
					};
				};
			};
			buildConfigurationList = 4146029D1DF9443C00DB59FB /* Build configuration list for PBXProject "SwiftyImage" */;
			compatibilityVersion = "Xcode 3.2";
			developmentRegion = English;
			hasScannedForEncodings = 0;
			knownRegions = (
				en,
				Base,
			);
			mainGroup = 414602991DF9443C00DB59FB;
			productRefGroup = 414602A31DF9443C00DB59FB /* Products */;
			projectDirPath = "";
			projectRoot = "";
			targets = (
				414602A11DF9443C00DB59FB /* SwiftyImage */,
				414602B51DF9443C00DB59FB /* SwiftyImageTests */,
			);
		};
/* End PBXProject section */

/* Begin PBXResourcesBuildPhase section */
		414602A01DF9443C00DB59FB /* Resources */ = {
			isa = PBXResourcesBuildPhase;
			buildActionMask = 2147483647;
			files = (
				414602B01DF9443C00DB59FB /* LaunchScreen.storyboard in Resources */,
				416E14AF1E02ECB200E56D3D /* ColorClampFragmentShader.fsh in Resources */,
				41DF70431E029B690091B540 /* HardLightBlendFragmentShader.fsh in Resources */,
				416E14901E02D80700E56D3D /* ColorBurnBlendFragmentShader.fsh in Resources */,
				41DF703F1E029B690091B540 /* DifferenceBlendFragmentShader.fsh in Resources */,
				41DF703D1E029B690091B540 /* DarkenBlendFragmentShader.fsh in Resources */,
				41DF704F1E029B690091B540 /* OverlayBlendFragmentShader.fsh in Resources */,
				41DF70361E029B690091B540 /* MotionBlurFragmentShader.fsh in Resources */,
				416E149A1E02DB3300E56D3D /* ColorDodgeBlendFragmentShader.fsh in Resources */,
				41DF70391E029B690091B540 /* ZoomBlurFragmentShader.fsh in Resources */,
				41DF704D1E029B690091B540 /* MultiplyBlendFragmentShader.fsh in Resources */,
				416E14B41E02EFBE00E56D3D /* ColorMatrixFragmentShader.fsh in Resources */,
				41DF70531E029B690091B540 /* SoftLightBlendFragmentShader.fsh in Resources */,
				416E14951E02D95D00E56D3D /* LinearBurnBlendFragmentShader.fsh in Resources */,
				41DF70601E029BAC0091B540 /* SingleInputFragmentShader.fsh in Resources */,
				414602AD1DF9443C00DB59FB /* Assets.xcassets in Resources */,
				41DF70581E029BA30091B540 /* 3x3KernelVertexShader.vsh in Resources */,
				416E14B91E02F1D900E56D3D /* ExplosureAdjustFragmentShader.fsh in Resources */,
				41DF70471E029B690091B540 /* LinearBlendFragmentShader.fsh in Resources */,
				416E14A51E02E6D400E56D3D /* MinimumComponentFragment.fsh in Resources */,
				41DF70451E029B690091B540 /* LightenBlendFragmentShader.fsh in Resources */,
				416E14BE1E02F3E700E56D3D /* GammaAdjustFragmentShader.fsh in Resources */,
				414602AB1DF9443C00DB59FB /* Main.storyboard in Resources */,
				416E14AA1E02E82900E56D3D /* MaximumComponentFragmentShader.fsh in Resources */,
				41DF704B1E029B690091B540 /* MinimumBlendFragmentShader.fsh in Resources */,
				41DF70371E029B690091B540 /* MotionBlurVertexShader.vsh in Resources */,
				41DF70491E029B690091B540 /* MaximumBlendFragmentShader.fsh in Resources */,
				41DF70511E029B690091B540 /* ScreenBlendFragmentShader.fsh in Resources */,
				41DF703B1E029B690091B540 /* AdditionBlendFragmentShader.fsh in Resources */,
				41DF70341E029B690091B540 /* MedianBlurFragmentShader.fsh in Resources */,
				41DF705F1E029BAC0091B540 /* PassthroughVertexShader.vsh in Resources */,
				41DF70551E029B690091B540 /* SubtractBlendFragmentShader.fsh in Resources */,
				416E14A01E02E46D00E56D3D /* ColorInvertFragmentShader.fsh in Resources */,
				41DF70411E029B690091B540 /* DivideBlendFragmentShader.fsh in Resources */,
			);
			runOnlyForDeploymentPostprocessing = 0;
		};
		414602B41DF9443C00DB59FB /* Resources */ = {
			isa = PBXResourcesBuildPhase;
			buildActionMask = 2147483647;
			files = (
			);
			runOnlyForDeploymentPostprocessing = 0;
		};
/* End PBXResourcesBuildPhase section */

/* Begin PBXSourcesBuildPhase section */
		4146029E1DF9443C00DB59FB /* Sources */ = {
			isa = PBXSourcesBuildPhase;
			buildActionMask = 2147483647;
			files = (
				41D484FC1E08E81B00C2BFD2 /* ProgramObjectsCacher.swift in Sources */,
				41DF705E1E029BAC0091B540 /* Filter.swift in Sources */,
				41DF70501E029B690091B540 /* ScreenBlendFilter.swift in Sources */,
				41DF70381E029B690091B540 /* ZoomBlurFilter.swift in Sources */,
				416E148E1E02D79D00E56D3D /* ColorBurnBlendFilter.swift in Sources */,
				41DF70441E029B690091B540 /* LightenBlendFilter.swift in Sources */,
				41DF70611E029BAC0091B540 /* TwoPassFilter.swift in Sources */,
				41DF70351E029B690091B540 /* MotionBlurFilter.swift in Sources */,
				416E14B71E02F17000E56D3D /* ExplosureAdjustFilter.swift in Sources */,
				41BCE3821E0C2A0F00D0BDD5 /* BaseCamera.swift in Sources */,
				4119F3BE1DF95113007200B5 /* Errors.swift in Sources */,
				41DF70591E029BA30091B540 /* BaseFilter.swift in Sources */,
				416E14A81E02E80000E56D3D /* MaximumComponentFilter.swift in Sources */,
				41D484F91E08E81B00C2BFD2 /* FrameBuffer.swift in Sources */,
				416E14A31E02E6A500E56D3D /* MinimumComponentFilter.swift in Sources */,
				41DF70331E029B690091B540 /* MedianBlurFilter.swift in Sources */,
				414602A81DF9443C00DB59FB /* ViewController.swift in Sources */,
				41EAAF7F1E17AC86000665BC /* TextureCacher.swift in Sources */,
				41DF703E1E029B690091B540 /* DifferenceBlendFilter.swift in Sources */,
				41BCE3831E0C2A0F00D0BDD5 /* Camera.swift in Sources */,
				41D484F81E08E81B00C2BFD2 /* Context.swift in Sources */,
				416E14AD1E02EC2400E56D3D /* ColorClampFilter.swift in Sources */,
				41DF70321E029B690091B540 /* GaussianBlurFilter.swift in Sources */,
				41DF70311E029B690091B540 /* BoxBlurFilter.swift in Sources */,
				41D484EE1E08E76B00C2BFD2 /* Canvas.swift in Sources */,
				41D484FA1E08E81B00C2BFD2 /* Limits.swift in Sources */,
				416E14BC1E02F38F00E56D3D /* GammaAdjustFilter.swift in Sources */,
				41DF70541E029B690091B540 /* SubtrachBlendFilter.swift in Sources */,
				41DF704E1E029B690091B540 /* OverlayBlendFilter.swift in Sources */,
				4119F3C01DF9533A007200B5 /* String+Helper.swift in Sources */,
				41DF70521E029B690091B540 /* SoftLightBlendFilter.swift in Sources */,
				41D484FB1E08E81B00C2BFD2 /* Program.swift in Sources */,
				41DF704A1E029B690091B540 /* MinimumBlendFilter.swift in Sources */,
				41DF704C1E029B690091B540 /* MultiplyBlendFilter.swift in Sources */,
				41DF70461E029B690091B540 /* LinearBlendFilter.swift in Sources */,
				41DF70401E029B690091B540 /* DivideBlendFilter.swift in Sources */,
				416E14981E02DAF000E56D3D /* ColorDodgeBlendFilter.swift in Sources */,
				41DF703C1E029B690091B540 /* DarkenBlendFilter.swift in Sources */,
				414602A61DF9443C00DB59FB /* AppDelegate.swift in Sources */,
				416E149E1E02E43A00E56D3D /* ColorInvertFilter.swift in Sources */,
				41DF70481E029B690091B540 /* MaximumBlendFilter.swift in Sources */,
				41DF703A1E029B690091B540 /* AdditionBlendFilter.swift in Sources */,
				41D484EF1E08E76B00C2BFD2 /* ImageCanvas.swift in Sources */,
				41DF70421E029B690091B540 /* HardLightBlendFilter.swift in Sources */,
				41DF70631E029BB60091B540 /* DualInputFilter.swift in Sources */,
				41BCE3851E0C2A0F00D0BDD5 /* VideoCamera.swift in Sources */,
				416E14B21E02EF2000E56D3D /* ColorBiasFilter.swift in Sources */,
				416E14931E02D91E00E56D3D /* LinearBurnBlendFilter.swift in Sources */,
				41BCE3841E0C2A0F00D0BDD5 /* StillImageCamera.swift in Sources */,
			);
			runOnlyForDeploymentPostprocessing = 0;
		};
		414602B21DF9443C00DB59FB /* Sources */ = {
			isa = PBXSourcesBuildPhase;
			buildActionMask = 2147483647;
			files = (
				414602BB1DF9443C00DB59FB /* SwiftyImageTests.swift in Sources */,
			);
			runOnlyForDeploymentPostprocessing = 0;
		};
/* End PBXSourcesBuildPhase section */

/* Begin PBXTargetDependency section */
		414602B81DF9443C00DB59FB /* PBXTargetDependency */ = {
			isa = PBXTargetDependency;
			target = 414602A11DF9443C00DB59FB /* SwiftyImage */;
			targetProxy = 414602B71DF9443C00DB59FB /* PBXContainerItemProxy */;
		};
/* End PBXTargetDependency section */

/* Begin PBXVariantGroup section */
		414602A91DF9443C00DB59FB /* Main.storyboard */ = {
			isa = PBXVariantGroup;
			children = (
				414602AA1DF9443C00DB59FB /* Base */,
			);
			name = Main.storyboard;
			sourceTree = "<group>";
		};
		414602AE1DF9443C00DB59FB /* LaunchScreen.storyboard */ = {
			isa = PBXVariantGroup;
			children = (
				414602AF1DF9443C00DB59FB /* Base */,
			);
			name = LaunchScreen.storyboard;
			sourceTree = "<group>";
		};
/* End PBXVariantGroup section */

/* Begin XCBuildConfiguration section */
		414602BD1DF9443C00DB59FB /* Debug */ = {
			isa = XCBuildConfiguration;
			buildSettings = {
				ALWAYS_SEARCH_USER_PATHS = NO;
				CLANG_ANALYZER_NONNULL = YES;
				CLANG_CXX_LANGUAGE_STANDARD = "gnu++0x";
				CLANG_CXX_LIBRARY = "libc++";
				CLANG_ENABLE_MODULES = YES;
				CLANG_ENABLE_OBJC_ARC = YES;
				CLANG_WARN_BOOL_CONVERSION = YES;
				CLANG_WARN_CONSTANT_CONVERSION = YES;
				CLANG_WARN_DIRECT_OBJC_ISA_USAGE = YES_ERROR;
				CLANG_WARN_DOCUMENTATION_COMMENTS = YES;
				CLANG_WARN_EMPTY_BODY = YES;
				CLANG_WARN_ENUM_CONVERSION = YES;
				CLANG_WARN_INFINITE_RECURSION = YES;
				CLANG_WARN_INT_CONVERSION = YES;
				CLANG_WARN_OBJC_ROOT_CLASS = YES_ERROR;
				CLANG_WARN_SUSPICIOUS_MOVES = YES;
				CLANG_WARN_UNREACHABLE_CODE = YES;
				CLANG_WARN__DUPLICATE_METHOD_MATCH = YES;
				"CODE_SIGN_IDENTITY[sdk=iphoneos*]" = "iPhone Developer";
				COPY_PHASE_STRIP = NO;
				DEBUG_INFORMATION_FORMAT = dwarf;
				ENABLE_STRICT_OBJC_MSGSEND = YES;
				ENABLE_TESTABILITY = YES;
				GCC_C_LANGUAGE_STANDARD = gnu99;
				GCC_DYNAMIC_NO_PIC = NO;
				GCC_NO_COMMON_BLOCKS = YES;
				GCC_OPTIMIZATION_LEVEL = 0;
				GCC_PREPROCESSOR_DEFINITIONS = (
					"DEBUG=1",
					"$(inherited)",
				);
				GCC_WARN_64_TO_32_BIT_CONVERSION = YES;
				GCC_WARN_ABOUT_RETURN_TYPE = YES_ERROR;
				GCC_WARN_UNDECLARED_SELECTOR = YES;
				GCC_WARN_UNINITIALIZED_AUTOS = YES_AGGRESSIVE;
				GCC_WARN_UNUSED_FUNCTION = YES;
				GCC_WARN_UNUSED_VARIABLE = YES;
				IPHONEOS_DEPLOYMENT_TARGET = 10.1;
				MTL_ENABLE_DEBUG_INFO = YES;
				ONLY_ACTIVE_ARCH = YES;
				SDKROOT = iphoneos;
				SWIFT_ACTIVE_COMPILATION_CONDITIONS = DEBUG;
				SWIFT_OPTIMIZATION_LEVEL = "-Onone";
			};
			name = Debug;
		};
		414602BE1DF9443C00DB59FB /* Release */ = {
			isa = XCBuildConfiguration;
			buildSettings = {
				ALWAYS_SEARCH_USER_PATHS = NO;
				CLANG_ANALYZER_NONNULL = YES;
				CLANG_CXX_LANGUAGE_STANDARD = "gnu++0x";
				CLANG_CXX_LIBRARY = "libc++";
				CLANG_ENABLE_MODULES = YES;
				CLANG_ENABLE_OBJC_ARC = YES;
				CLANG_WARN_BOOL_CONVERSION = YES;
				CLANG_WARN_CONSTANT_CONVERSION = YES;
				CLANG_WARN_DIRECT_OBJC_ISA_USAGE = YES_ERROR;
				CLANG_WARN_DOCUMENTATION_COMMENTS = YES;
				CLANG_WARN_EMPTY_BODY = YES;
				CLANG_WARN_ENUM_CONVERSION = YES;
				CLANG_WARN_INFINITE_RECURSION = YES;
				CLANG_WARN_INT_CONVERSION = YES;
				CLANG_WARN_OBJC_ROOT_CLASS = YES_ERROR;
				CLANG_WARN_SUSPICIOUS_MOVES = YES;
				CLANG_WARN_UNREACHABLE_CODE = YES;
				CLANG_WARN__DUPLICATE_METHOD_MATCH = YES;
				"CODE_SIGN_IDENTITY[sdk=iphoneos*]" = "iPhone Developer";
				COPY_PHASE_STRIP = NO;
				DEBUG_INFORMATION_FORMAT = "dwarf-with-dsym";
				ENABLE_NS_ASSERTIONS = NO;
				ENABLE_STRICT_OBJC_MSGSEND = YES;
				GCC_C_LANGUAGE_STANDARD = gnu99;
				GCC_NO_COMMON_BLOCKS = YES;
				GCC_WARN_64_TO_32_BIT_CONVERSION = YES;
				GCC_WARN_ABOUT_RETURN_TYPE = YES_ERROR;
				GCC_WARN_UNDECLARED_SELECTOR = YES;
				GCC_WARN_UNINITIALIZED_AUTOS = YES_AGGRESSIVE;
				GCC_WARN_UNUSED_FUNCTION = YES;
				GCC_WARN_UNUSED_VARIABLE = YES;
				IPHONEOS_DEPLOYMENT_TARGET = 10.1;
				MTL_ENABLE_DEBUG_INFO = NO;
				SDKROOT = iphoneos;
				SWIFT_OPTIMIZATION_LEVEL = "-Owholemodule";
				VALIDATE_PRODUCT = YES;
			};
			name = Release;
		};
		414602C01DF9443C00DB59FB /* Debug */ = {
			isa = XCBuildConfiguration;
			buildSettings = {
				ASSETCATALOG_COMPILER_APPICON_NAME = AppIcon;
				INFOPLIST_FILE = SwiftyImage/Info.plist;
				IPHONEOS_DEPLOYMENT_TARGET = 8.0;
				LD_RUNPATH_SEARCH_PATHS = "$(inherited) @executable_path/Frameworks";
				PRODUCT_BUNDLE_IDENTIFIER = com.tqtifnypmb.SwiftyImage;
				PRODUCT_NAME = "$(TARGET_NAME)";
				SWIFT_VERSION = 3.0;
			};
			name = Debug;
		};
		414602C11DF9443C00DB59FB /* Release */ = {
			isa = XCBuildConfiguration;
			buildSettings = {
				ASSETCATALOG_COMPILER_APPICON_NAME = AppIcon;
				INFOPLIST_FILE = SwiftyImage/Info.plist;
				IPHONEOS_DEPLOYMENT_TARGET = 8.0;
				LD_RUNPATH_SEARCH_PATHS = "$(inherited) @executable_path/Frameworks";
				PRODUCT_BUNDLE_IDENTIFIER = com.tqtifnypmb.SwiftyImage;
				PRODUCT_NAME = "$(TARGET_NAME)";
				SWIFT_VERSION = 3.0;
			};
			name = Release;
		};
		414602C31DF9443C00DB59FB /* Debug */ = {
			isa = XCBuildConfiguration;
			buildSettings = {
				ALWAYS_EMBED_SWIFT_STANDARD_LIBRARIES = YES;
				BUNDLE_LOADER = "$(TEST_HOST)";
				INFOPLIST_FILE = SwiftyImageTests/Info.plist;
				LD_RUNPATH_SEARCH_PATHS = "$(inherited) @executable_path/Frameworks @loader_path/Frameworks";
				PRODUCT_BUNDLE_IDENTIFIER = com.tqtifnypmb.SwiftyImageTests;
				PRODUCT_NAME = "$(TARGET_NAME)";
				SWIFT_VERSION = 3.0;
				TEST_HOST = "$(BUILT_PRODUCTS_DIR)/SwiftyImage.app/SwiftyImage";
			};
			name = Debug;
		};
		414602C41DF9443C00DB59FB /* Release */ = {
			isa = XCBuildConfiguration;
			buildSettings = {
				ALWAYS_EMBED_SWIFT_STANDARD_LIBRARIES = YES;
				BUNDLE_LOADER = "$(TEST_HOST)";
				INFOPLIST_FILE = SwiftyImageTests/Info.plist;
				LD_RUNPATH_SEARCH_PATHS = "$(inherited) @executable_path/Frameworks @loader_path/Frameworks";
				PRODUCT_BUNDLE_IDENTIFIER = com.tqtifnypmb.SwiftyImageTests;
				PRODUCT_NAME = "$(TARGET_NAME)";
				SWIFT_VERSION = 3.0;
				TEST_HOST = "$(BUILT_PRODUCTS_DIR)/SwiftyImage.app/SwiftyImage";
			};
			name = Release;
		};
/* End XCBuildConfiguration section */

/* Begin XCConfigurationList section */
		4146029D1DF9443C00DB59FB /* Build configuration list for PBXProject "SwiftyImage" */ = {
			isa = XCConfigurationList;
			buildConfigurations = (
				414602BD1DF9443C00DB59FB /* Debug */,
				414602BE1DF9443C00DB59FB /* Release */,
			);
			defaultConfigurationIsVisible = 0;
			defaultConfigurationName = Release;
		};
		414602BF1DF9443C00DB59FB /* Build configuration list for PBXNativeTarget "SwiftyImage" */ = {
			isa = XCConfigurationList;
			buildConfigurations = (
				414602C01DF9443C00DB59FB /* Debug */,
				414602C11DF9443C00DB59FB /* Release */,
			);
			defaultConfigurationIsVisible = 0;
			defaultConfigurationName = Release;
		};
		414602C21DF9443C00DB59FB /* Build configuration list for PBXNativeTarget "SwiftyImageTests" */ = {
			isa = XCConfigurationList;
			buildConfigurations = (
				414602C31DF9443C00DB59FB /* Debug */,
				414602C41DF9443C00DB59FB /* Release */,
			);
			defaultConfigurationIsVisible = 0;
			defaultConfigurationName = Release;
		};
/* End XCConfigurationList section */
	};
	rootObject = 4146029A1DF9443C00DB59FB /* Project object */;
}
