// !$*UTF8*$!
{
	archiveVersion = 1;
	classes = {
	};
	objectVersion = 46;
	objects = {

/* Begin PBXBuildFile section */
		41011A431E5E6E2E006B54FD /* FrameWriter.swift in Sources */ = {isa = PBXBuildFile; fileRef = 41011A421E5E6E2E006B54FD /* FrameWriter.swift */; };
		41012E0D1E58015500D39AA0 /* ComponentExchangeFilter.swift in Sources */ = {isa = PBXBuildFile; fileRef = 41012E0C1E58015500D39AA0 /* ComponentExchangeFilter.swift */; };
		41012E101E58066800D39AA0 /* RGBNBGRExchangeFragmentShader.fsh in Resources */ = {isa = PBXBuildFile; fileRef = 41012E0F1E58066800D39AA0 /* RGBNBGRExchangeFragmentShader.fsh */; };
		412344E11E51EF4700B3FDEF /* Info.plist in Resources */ = {isa = PBXBuildFile; fileRef = 4123444E1E51EF4600B3FDEF /* Info.plist */; };
		412344E21E51EF4700B3FDEF /* BaseCamera.swift in Sources */ = {isa = PBXBuildFile; fileRef = 412344511E51EF4600B3FDEF /* BaseCamera.swift */; };
		412344E31E51EF4700B3FDEF /* Camera.swift in Sources */ = {isa = PBXBuildFile; fileRef = 412344521E51EF4600B3FDEF /* Camera.swift */; };
		412344E41E51EF4700B3FDEF /* StillImageCamera.swift in Sources */ = {isa = PBXBuildFile; fileRef = 412344531E51EF4600B3FDEF /* StillImageCamera.swift */; };
		412344E51E51EF4700B3FDEF /* VideoCamera.swift in Sources */ = {isa = PBXBuildFile; fileRef = 412344541E51EF4600B3FDEF /* VideoCamera.swift */; };
		412344E61E51EF4700B3FDEF /* Canvas.swift in Sources */ = {isa = PBXBuildFile; fileRef = 412344561E51EF4600B3FDEF /* Canvas.swift */; };
		412344E71E51EF4700B3FDEF /* ImageCanvas.swift in Sources */ = {isa = PBXBuildFile; fileRef = 412344571E51EF4600B3FDEF /* ImageCanvas.swift */; };
		412344E81E51EF4700B3FDEF /* Errors.swift in Sources */ = {isa = PBXBuildFile; fileRef = 412344581E51EF4600B3FDEF /* Errors.swift */; };
		412344E91E51EF4700B3FDEF /* 3x3KernelVertexShader.vsh in Resources */ = {isa = PBXBuildFile; fileRef = 4123445A1E51EF4600B3FDEF /* 3x3KernelVertexShader.vsh */; };
		412344EA1E51EF4700B3FDEF /* BaseFilter.swift in Sources */ = {isa = PBXBuildFile; fileRef = 4123445B1E51EF4600B3FDEF /* BaseFilter.swift */; };
		412344EB1E51EF4700B3FDEF /* BoxBlurFilter.swift in Sources */ = {isa = PBXBuildFile; fileRef = 4123445D1E51EF4600B3FDEF /* BoxBlurFilter.swift */; };
		412344EC1E51EF4700B3FDEF /* GaussianBlurFilter.swift in Sources */ = {isa = PBXBuildFile; fileRef = 4123445E1E51EF4700B3FDEF /* GaussianBlurFilter.swift */; };
		412344ED1E51EF4700B3FDEF /* MedianBlurFilter.swift in Sources */ = {isa = PBXBuildFile; fileRef = 412344601E51EF4700B3FDEF /* MedianBlurFilter.swift */; };
		412344EE1E51EF4700B3FDEF /* MedianBlurFragmentShader.fsh in Resources */ = {isa = PBXBuildFile; fileRef = 412344611E51EF4700B3FDEF /* MedianBlurFragmentShader.fsh */; };
		412344EF1E51EF4700B3FDEF /* MotionBlurFilter.swift in Sources */ = {isa = PBXBuildFile; fileRef = 412344631E51EF4700B3FDEF /* MotionBlurFilter.swift */; };
		412344F01E51EF4700B3FDEF /* MotionBlurFragmentShader.fsh in Resources */ = {isa = PBXBuildFile; fileRef = 412344641E51EF4700B3FDEF /* MotionBlurFragmentShader.fsh */; };
		412344F11E51EF4700B3FDEF /* MotionBlurVertexShader.vsh in Resources */ = {isa = PBXBuildFile; fileRef = 412344651E51EF4700B3FDEF /* MotionBlurVertexShader.vsh */; };
		412344F21E51EF4700B3FDEF /* ZoomBlurFilter.swift in Sources */ = {isa = PBXBuildFile; fileRef = 412344671E51EF4700B3FDEF /* ZoomBlurFilter.swift */; };
		412344F31E51EF4700B3FDEF /* ZoomBlurFragmentShader.fsh in Resources */ = {isa = PBXBuildFile; fileRef = 412344681E51EF4700B3FDEF /* ZoomBlurFragmentShader.fsh */; };
		412344F41E51EF4700B3FDEF /* AdditionBlendFilter.swift in Sources */ = {isa = PBXBuildFile; fileRef = 4123446B1E51EF4700B3FDEF /* AdditionBlendFilter.swift */; };
		412344F51E51EF4700B3FDEF /* AdditionBlendFragmentShader.fsh in Resources */ = {isa = PBXBuildFile; fileRef = 4123446C1E51EF4700B3FDEF /* AdditionBlendFragmentShader.fsh */; };
		412344F61E51EF4700B3FDEF /* AlphaMaskBlendFilter.swift in Sources */ = {isa = PBXBuildFile; fileRef = 4123446E1E51EF4700B3FDEF /* AlphaMaskBlendFilter.swift */; };
		412344F71E51EF4700B3FDEF /* AlphaMaskBlendFragmentShader.fsh in Resources */ = {isa = PBXBuildFile; fileRef = 4123446F1E51EF4700B3FDEF /* AlphaMaskBlendFragmentShader.fsh */; };
		412344F81E51EF4700B3FDEF /* ColorBurnBlendFilter.swift in Sources */ = {isa = PBXBuildFile; fileRef = 412344711E51EF4700B3FDEF /* ColorBurnBlendFilter.swift */; };
		412344F91E51EF4700B3FDEF /* ColorBurnBlendFragmentShader.fsh in Resources */ = {isa = PBXBuildFile; fileRef = 412344721E51EF4700B3FDEF /* ColorBurnBlendFragmentShader.fsh */; };
		412344FA1E51EF4700B3FDEF /* ColorDodgeBlendFilter.swift in Sources */ = {isa = PBXBuildFile; fileRef = 412344741E51EF4700B3FDEF /* ColorDodgeBlendFilter.swift */; };
		412344FB1E51EF4700B3FDEF /* ColorDodgeBlendFragmentShader.fsh in Resources */ = {isa = PBXBuildFile; fileRef = 412344751E51EF4700B3FDEF /* ColorDodgeBlendFragmentShader.fsh */; };
		412344FC1E51EF4700B3FDEF /* DarkenBlendFilter.swift in Sources */ = {isa = PBXBuildFile; fileRef = 412344771E51EF4700B3FDEF /* DarkenBlendFilter.swift */; };
		412344FD1E51EF4700B3FDEF /* DarkenBlendFragmentShader.fsh in Resources */ = {isa = PBXBuildFile; fileRef = 412344781E51EF4700B3FDEF /* DarkenBlendFragmentShader.fsh */; };
		412344FE1E51EF4700B3FDEF /* DifferenceBlendFilter.swift in Sources */ = {isa = PBXBuildFile; fileRef = 4123447B1E51EF4700B3FDEF /* DifferenceBlendFilter.swift */; };
		412344FF1E51EF4700B3FDEF /* DifferenceBlendFragmentShader.fsh in Resources */ = {isa = PBXBuildFile; fileRef = 4123447C1E51EF4700B3FDEF /* DifferenceBlendFragmentShader.fsh */; };
		412345001E51EF4700B3FDEF /* DivideBlendFilter.swift in Sources */ = {isa = PBXBuildFile; fileRef = 4123447E1E51EF4700B3FDEF /* DivideBlendFilter.swift */; };
		412345011E51EF4700B3FDEF /* DivideBlendFragmentShader.fsh in Resources */ = {isa = PBXBuildFile; fileRef = 4123447F1E51EF4700B3FDEF /* DivideBlendFragmentShader.fsh */; };
		412345021E51EF4700B3FDEF /* HardLightBlendFilter.swift in Sources */ = {isa = PBXBuildFile; fileRef = 412344811E51EF4700B3FDEF /* HardLightBlendFilter.swift */; };
		412345031E51EF4700B3FDEF /* HardLightBlendFragmentShader.fsh in Resources */ = {isa = PBXBuildFile; fileRef = 412344821E51EF4700B3FDEF /* HardLightBlendFragmentShader.fsh */; };
		412345041E51EF4700B3FDEF /* HueBlendFilter.swift in Sources */ = {isa = PBXBuildFile; fileRef = 412344841E51EF4700B3FDEF /* HueBlendFilter.swift */; };
		412345051E51EF4700B3FDEF /* HueBlendFragmentShader.fsh in Resources */ = {isa = PBXBuildFile; fileRef = 412344851E51EF4700B3FDEF /* HueBlendFragmentShader.fsh */; };
		412345061E51EF4700B3FDEF /* LightenBlendFilter.swift in Sources */ = {isa = PBXBuildFile; fileRef = 412344871E51EF4700B3FDEF /* LightenBlendFilter.swift */; };
		412345071E51EF4700B3FDEF /* LightenBlendFragmentShader.fsh in Resources */ = {isa = PBXBuildFile; fileRef = 412344881E51EF4700B3FDEF /* LightenBlendFragmentShader.fsh */; };
		412345081E51EF4700B3FDEF /* LinearBlendFilter.swift in Sources */ = {isa = PBXBuildFile; fileRef = 4123448B1E51EF4700B3FDEF /* LinearBlendFilter.swift */; };
		412345091E51EF4700B3FDEF /* LinearBlendFragmentShader.fsh in Resources */ = {isa = PBXBuildFile; fileRef = 4123448C1E51EF4700B3FDEF /* LinearBlendFragmentShader.fsh */; };
		4123450A1E51EF4700B3FDEF /* LinearBurnBlendFilter.swift in Sources */ = {isa = PBXBuildFile; fileRef = 4123448E1E51EF4700B3FDEF /* LinearBurnBlendFilter.swift */; };
		4123450B1E51EF4700B3FDEF /* LinearBurnBlendFragmentShader.fsh in Resources */ = {isa = PBXBuildFile; fileRef = 4123448F1E51EF4700B3FDEF /* LinearBurnBlendFragmentShader.fsh */; };
		4123450C1E51EF4700B3FDEF /* LuminosityBlendFilter.swift in Sources */ = {isa = PBXBuildFile; fileRef = 412344911E51EF4700B3FDEF /* LuminosityBlendFilter.swift */; };
		4123450D1E51EF4700B3FDEF /* LuminosityBlendFragmentShader.fsh in Resources */ = {isa = PBXBuildFile; fileRef = 412344921E51EF4700B3FDEF /* LuminosityBlendFragmentShader.fsh */; };
		4123450E1E51EF4700B3FDEF /* MaskBlendFilter.swift in Sources */ = {isa = PBXBuildFile; fileRef = 412344941E51EF4700B3FDEF /* MaskBlendFilter.swift */; };
		4123450F1E51EF4700B3FDEF /* MaskBlendFragmentShader.fsh in Resources */ = {isa = PBXBuildFile; fileRef = 412344951E51EF4700B3FDEF /* MaskBlendFragmentShader.fsh */; };
		412345101E51EF4700B3FDEF /* MaximumBlendFilter.swift in Sources */ = {isa = PBXBuildFile; fileRef = 412344971E51EF4700B3FDEF /* MaximumBlendFilter.swift */; };
		412345111E51EF4700B3FDEF /* MaximumBlendFragmentShader.fsh in Resources */ = {isa = PBXBuildFile; fileRef = 412344981E51EF4700B3FDEF /* MaximumBlendFragmentShader.fsh */; };
		412345121E51EF4700B3FDEF /* MinimumBlendFilter.swift in Sources */ = {isa = PBXBuildFile; fileRef = 4123449A1E51EF4700B3FDEF /* MinimumBlendFilter.swift */; };
		412345131E51EF4700B3FDEF /* MinimumBlendFragmentShader.fsh in Resources */ = {isa = PBXBuildFile; fileRef = 4123449B1E51EF4700B3FDEF /* MinimumBlendFragmentShader.fsh */; };
		412345141E51EF4700B3FDEF /* MultiplyBlendFilter.swift in Sources */ = {isa = PBXBuildFile; fileRef = 4123449D1E51EF4700B3FDEF /* MultiplyBlendFilter.swift */; };
		412345151E51EF4700B3FDEF /* MultiplyBlendFragmentShader.fsh in Resources */ = {isa = PBXBuildFile; fileRef = 4123449E1E51EF4700B3FDEF /* MultiplyBlendFragmentShader.fsh */; };
		412345161E51EF4700B3FDEF /* OverlayBlendFilter.swift in Sources */ = {isa = PBXBuildFile; fileRef = 412344A01E51EF4700B3FDEF /* OverlayBlendFilter.swift */; };
		412345171E51EF4700B3FDEF /* OverlayBlendFragmentShader.fsh in Resources */ = {isa = PBXBuildFile; fileRef = 412344A11E51EF4700B3FDEF /* OverlayBlendFragmentShader.fsh */; };
		412345181E51EF4700B3FDEF /* SaturationBlendFilter.swift in Sources */ = {isa = PBXBuildFile; fileRef = 412344A31E51EF4700B3FDEF /* SaturationBlendFilter.swift */; };
		412345191E51EF4700B3FDEF /* SaturationBlendFragmentShader.fsh in Resources */ = {isa = PBXBuildFile; fileRef = 412344A41E51EF4700B3FDEF /* SaturationBlendFragmentShader.fsh */; };
		4123451A1E51EF4700B3FDEF /* ScreenBlendFilter.swift in Sources */ = {isa = PBXBuildFile; fileRef = 412344A61E51EF4700B3FDEF /* ScreenBlendFilter.swift */; };
		4123451B1E51EF4700B3FDEF /* ScreenBlendFragmentShader.fsh in Resources */ = {isa = PBXBuildFile; fileRef = 412344A71E51EF4700B3FDEF /* ScreenBlendFragmentShader.fsh */; };
		4123451C1E51EF4700B3FDEF /* SoftLightBlendFilter.swift in Sources */ = {isa = PBXBuildFile; fileRef = 412344A91E51EF4700B3FDEF /* SoftLightBlendFilter.swift */; };
		4123451D1E51EF4700B3FDEF /* SoftLightBlendFragmentShader.fsh in Resources */ = {isa = PBXBuildFile; fileRef = 412344AA1E51EF4700B3FDEF /* SoftLightBlendFragmentShader.fsh */; };
		4123451E1E51EF4700B3FDEF /* SubtrachBlendFilter.swift in Sources */ = {isa = PBXBuildFile; fileRef = 412344AC1E51EF4700B3FDEF /* SubtrachBlendFilter.swift */; };
		4123451F1E51EF4700B3FDEF /* SubtractBlendFragmentShader.fsh in Resources */ = {isa = PBXBuildFile; fileRef = 412344AD1E51EF4700B3FDEF /* SubtractBlendFragmentShader.fsh */; };
		412345201E51EF4700B3FDEF /* DualInputFilter.swift in Sources */ = {isa = PBXBuildFile; fileRef = 412344AE1E51EF4700B3FDEF /* DualInputFilter.swift */; };
		412345211E51EF4700B3FDEF /* ColorClampFilter.swift in Sources */ = {isa = PBXBuildFile; fileRef = 412344B21E51EF4700B3FDEF /* ColorClampFilter.swift */; };
		412345221E51EF4700B3FDEF /* ColorClampFragmentShader.fsh in Resources */ = {isa = PBXBuildFile; fileRef = 412344B31E51EF4700B3FDEF /* ColorClampFragmentShader.fsh */; };
		412345231E51EF4700B3FDEF /* ColorInvertFilter.swift in Sources */ = {isa = PBXBuildFile; fileRef = 412344B51E51EF4700B3FDEF /* ColorInvertFilter.swift */; };
		412345241E51EF4700B3FDEF /* ColorInvertFragmentShader.fsh in Resources */ = {isa = PBXBuildFile; fileRef = 412344B61E51EF4700B3FDEF /* ColorInvertFragmentShader.fsh */; };
		412345251E51EF4700B3FDEF /* ColorBiasFilter.swift in Sources */ = {isa = PBXBuildFile; fileRef = 412344B81E51EF4700B3FDEF /* ColorBiasFilter.swift */; };
		412345261E51EF4700B3FDEF /* ColorBiasFragmentShader.fsh in Resources */ = {isa = PBXBuildFile; fileRef = 412344B91E51EF4700B3FDEF /* ColorBiasFragmentShader.fsh */; };
		412345271E51EF4700B3FDEF /* ExplosureAdjustFilter.swift in Sources */ = {isa = PBXBuildFile; fileRef = 412344BB1E51EF4700B3FDEF /* ExplosureAdjustFilter.swift */; };
		412345281E51EF4700B3FDEF /* ExplosureAdjustFragmentShader.fsh in Resources */ = {isa = PBXBuildFile; fileRef = 412344BC1E51EF4700B3FDEF /* ExplosureAdjustFragmentShader.fsh */; };
		412345291E51EF4700B3FDEF /* GammaAdjustFilter.swift in Sources */ = {isa = PBXBuildFile; fileRef = 412344BE1E51EF4700B3FDEF /* GammaAdjustFilter.swift */; };
		4123452A1E51EF4700B3FDEF /* GammaAdjustFragmentShader.fsh in Resources */ = {isa = PBXBuildFile; fileRef = 412344BF1E51EF4700B3FDEF /* GammaAdjustFragmentShader.fsh */; };
		4123452B1E51EF4700B3FDEF /* HueAdjustFilter.swift in Sources */ = {isa = PBXBuildFile; fileRef = 412344C11E51EF4700B3FDEF /* HueAdjustFilter.swift */; };
		4123452C1E51EF4700B3FDEF /* HueAdjustFragmentShader.fsh in Resources */ = {isa = PBXBuildFile; fileRef = 412344C21E51EF4700B3FDEF /* HueAdjustFragmentShader.fsh */; };
		4123452D1E51EF4700B3FDEF /* MaximumComponentFilter.swift in Sources */ = {isa = PBXBuildFile; fileRef = 412344C41E51EF4700B3FDEF /* MaximumComponentFilter.swift */; };
		4123452E1E51EF4700B3FDEF /* MaximumComponentFragmentShader.fsh in Resources */ = {isa = PBXBuildFile; fileRef = 412344C51E51EF4700B3FDEF /* MaximumComponentFragmentShader.fsh */; };
		4123452F1E51EF4700B3FDEF /* MinimumComponentFilter.swift in Sources */ = {isa = PBXBuildFile; fileRef = 412344C71E51EF4700B3FDEF /* MinimumComponentFilter.swift */; };
		412345301E51EF4700B3FDEF /* MinimumComponentFragment.fsh in Resources */ = {isa = PBXBuildFile; fileRef = 412344C81E51EF4700B3FDEF /* MinimumComponentFragment.fsh */; };
		412345311E51EF4700B3FDEF /* Filter.swift in Sources */ = {isa = PBXBuildFile; fileRef = 412344C91E51EF4700B3FDEF /* Filter.swift */; };
		412345321E51EF4700B3FDEF /* PassthroughVertexShader.vsh in Resources */ = {isa = PBXBuildFile; fileRef = 412344CA1E51EF4700B3FDEF /* PassthroughVertexShader.vsh */; };
		412345331E51EF4700B3FDEF /* PassthroughFragmentShader.fsh in Resources */ = {isa = PBXBuildFile; fileRef = 412344CB1E51EF4700B3FDEF /* PassthroughFragmentShader.fsh */; };
		412345341E51EF4700B3FDEF /* ThreeInputFilter.swift in Sources */ = {isa = PBXBuildFile; fileRef = 412344CC1E51EF4700B3FDEF /* ThreeInputFilter.swift */; };
		412345351E51EF4700B3FDEF /* TwoPassFilter.swift in Sources */ = {isa = PBXBuildFile; fileRef = 412344CD1E51EF4700B3FDEF /* TwoPassFilter.swift */; };
		412345361E51EF4700B3FDEF /* Context.swift in Sources */ = {isa = PBXBuildFile; fileRef = 412344CF1E51EF4700B3FDEF /* Context.swift */; };
		412345371E51EF4700B3FDEF /* ImageInputFrameBuffer.swift in Sources */ = {isa = PBXBuildFile; fileRef = 412344D11E51EF4700B3FDEF /* ImageInputFrameBuffer.swift */; };
		412345381E51EF4700B3FDEF /* InputFrameBuffer.swift in Sources */ = {isa = PBXBuildFile; fileRef = 412344D21E51EF4700B3FDEF /* InputFrameBuffer.swift */; };
		412345391E51EF4700B3FDEF /* OutputFrameBuffer.swift in Sources */ = {isa = PBXBuildFile; fileRef = 412344D31E51EF4700B3FDEF /* OutputFrameBuffer.swift */; };
		4123453A1E51EF4700B3FDEF /* SMSampleInputFrameBuffer.swift in Sources */ = {isa = PBXBuildFile; fileRef = 412344D41E51EF4700B3FDEF /* SMSampleInputFrameBuffer.swift */; };
		4123453B1E51EF4700B3FDEF /* TextureInputFrameBuffer.swift in Sources */ = {isa = PBXBuildFile; fileRef = 412344D51E51EF4700B3FDEF /* TextureInputFrameBuffer.swift */; };
		4123453C1E51EF4700B3FDEF /* TextureOutputFrameBuffer.swift in Sources */ = {isa = PBXBuildFile; fileRef = 412344D61E51EF4700B3FDEF /* TextureOutputFrameBuffer.swift */; };
		4123453D1E51EF4700B3FDEF /* Limits.swift in Sources */ = {isa = PBXBuildFile; fileRef = 412344D71E51EF4700B3FDEF /* Limits.swift */; };
		4123453E1E51EF4700B3FDEF /* Program.swift in Sources */ = {isa = PBXBuildFile; fileRef = 412344D81E51EF4700B3FDEF /* Program.swift */; };
		4123453F1E51EF4700B3FDEF /* ProgramObjectsCacher.swift in Sources */ = {isa = PBXBuildFile; fileRef = 412344D91E51EF4700B3FDEF /* ProgramObjectsCacher.swift */; };
		412345401E51EF4700B3FDEF /* TextureCacher.swift in Sources */ = {isa = PBXBuildFile; fileRef = 412344DA1E51EF4700B3FDEF /* TextureCacher.swift */; };
		412345411E51EF4700B3FDEF /* CameraPreviewView.swift in Sources */ = {isa = PBXBuildFile; fileRef = 412344DD1E51EF4700B3FDEF /* CameraPreviewView.swift */; };
		412345421E51EF4700B3FDEF /* EAGLOuputFrameBuffer.swift in Sources */ = {isa = PBXBuildFile; fileRef = 412344DE1E51EF4700B3FDEF /* EAGLOuputFrameBuffer.swift */; };
		412345431E51EF4700B3FDEF /* String+Helper.swift in Sources */ = {isa = PBXBuildFile; fileRef = 412344DF1E51EF4700B3FDEF /* String+Helper.swift */; };
		412644E31E53108200916542 /* SwiftyImage.h in Headers */ = {isa = PBXBuildFile; fileRef = 412344E01E51EF4700B3FDEF /* SwiftyImage.h */; settings = {ATTRIBUTES = (Public, ); }; };
		4149650E1E5FBED400CB7ADA /* PixelBufferPool.swift in Sources */ = {isa = PBXBuildFile; fileRef = 4149650D1E5FBED400CB7ADA /* PixelBufferPool.swift */; };
		41F1E5281E5D81C700C836DA /* PassthroughFilter.swift in Sources */ = {isa = PBXBuildFile; fileRef = 41F1E5271E5D81C700C836DA /* PassthroughFilter.swift */; };
/* End PBXBuildFile section */

/* Begin PBXFileReference section */
		41011A421E5E6E2E006B54FD /* FrameWriter.swift */ = {isa = PBXFileReference; fileEncoding = 4; lastKnownFileType = sourcecode.swift; path = FrameWriter.swift; sourceTree = "<group>"; };
		41012E0C1E58015500D39AA0 /* ComponentExchangeFilter.swift */ = {isa = PBXFileReference; fileEncoding = 4; lastKnownFileType = sourcecode.swift; path = ComponentExchangeFilter.swift; sourceTree = "<group>"; };
		41012E0F1E58066800D39AA0 /* RGBNBGRExchangeFragmentShader.fsh */ = {isa = PBXFileReference; fileEncoding = 4; lastKnownFileType = sourcecode.glsl; path = RGBNBGRExchangeFragmentShader.fsh; sourceTree = "<group>"; };
		412343241E51EEBA00B3FDEF /* SwiftyImage.framework */ = {isa = PBXFileReference; explicitFileType = wrapper.framework; includeInIndex = 0; path = SwiftyImage.framework; sourceTree = BUILT_PRODUCTS_DIR; };
		4123444E1E51EF4600B3FDEF /* Info.plist */ = {isa = PBXFileReference; fileEncoding = 4; lastKnownFileType = text.plist.xml; path = Info.plist; sourceTree = "<group>"; };
		412344511E51EF4600B3FDEF /* BaseCamera.swift */ = {isa = PBXFileReference; fileEncoding = 4; lastKnownFileType = sourcecode.swift; path = BaseCamera.swift; sourceTree = "<group>"; };
		412344521E51EF4600B3FDEF /* Camera.swift */ = {isa = PBXFileReference; fileEncoding = 4; lastKnownFileType = sourcecode.swift; path = Camera.swift; sourceTree = "<group>"; };
		412344531E51EF4600B3FDEF /* StillImageCamera.swift */ = {isa = PBXFileReference; fileEncoding = 4; lastKnownFileType = sourcecode.swift; path = StillImageCamera.swift; sourceTree = "<group>"; };
		412344541E51EF4600B3FDEF /* VideoCamera.swift */ = {isa = PBXFileReference; fileEncoding = 4; lastKnownFileType = sourcecode.swift; path = VideoCamera.swift; sourceTree = "<group>"; };
		412344561E51EF4600B3FDEF /* Canvas.swift */ = {isa = PBXFileReference; fileEncoding = 4; lastKnownFileType = sourcecode.swift; path = Canvas.swift; sourceTree = "<group>"; };
		412344571E51EF4600B3FDEF /* ImageCanvas.swift */ = {isa = PBXFileReference; fileEncoding = 4; lastKnownFileType = sourcecode.swift; path = ImageCanvas.swift; sourceTree = "<group>"; };
		412344581E51EF4600B3FDEF /* Errors.swift */ = {isa = PBXFileReference; fileEncoding = 4; lastKnownFileType = sourcecode.swift; path = Errors.swift; sourceTree = "<group>"; };
		4123445A1E51EF4600B3FDEF /* 3x3KernelVertexShader.vsh */ = {isa = PBXFileReference; fileEncoding = 4; lastKnownFileType = sourcecode.glsl; path = 3x3KernelVertexShader.vsh; sourceTree = "<group>"; };
		4123445B1E51EF4600B3FDEF /* BaseFilter.swift */ = {isa = PBXFileReference; fileEncoding = 4; lastKnownFileType = sourcecode.swift; path = BaseFilter.swift; sourceTree = "<group>"; };
		4123445D1E51EF4600B3FDEF /* BoxBlurFilter.swift */ = {isa = PBXFileReference; fileEncoding = 4; lastKnownFileType = sourcecode.swift; path = BoxBlurFilter.swift; sourceTree = "<group>"; };
		4123445E1E51EF4700B3FDEF /* GaussianBlurFilter.swift */ = {isa = PBXFileReference; fileEncoding = 4; lastKnownFileType = sourcecode.swift; path = GaussianBlurFilter.swift; sourceTree = "<group>"; };
		412344601E51EF4700B3FDEF /* MedianBlurFilter.swift */ = {isa = PBXFileReference; fileEncoding = 4; lastKnownFileType = sourcecode.swift; path = MedianBlurFilter.swift; sourceTree = "<group>"; };
		412344611E51EF4700B3FDEF /* MedianBlurFragmentShader.fsh */ = {isa = PBXFileReference; fileEncoding = 4; lastKnownFileType = sourcecode.glsl; path = MedianBlurFragmentShader.fsh; sourceTree = "<group>"; };
		412344631E51EF4700B3FDEF /* MotionBlurFilter.swift */ = {isa = PBXFileReference; fileEncoding = 4; lastKnownFileType = sourcecode.swift; path = MotionBlurFilter.swift; sourceTree = "<group>"; };
		412344641E51EF4700B3FDEF /* MotionBlurFragmentShader.fsh */ = {isa = PBXFileReference; fileEncoding = 4; lastKnownFileType = sourcecode.glsl; path = MotionBlurFragmentShader.fsh; sourceTree = "<group>"; };
		412344651E51EF4700B3FDEF /* MotionBlurVertexShader.vsh */ = {isa = PBXFileReference; fileEncoding = 4; lastKnownFileType = sourcecode.glsl; path = MotionBlurVertexShader.vsh; sourceTree = "<group>"; };
		412344671E51EF4700B3FDEF /* ZoomBlurFilter.swift */ = {isa = PBXFileReference; fileEncoding = 4; lastKnownFileType = sourcecode.swift; path = ZoomBlurFilter.swift; sourceTree = "<group>"; };
		412344681E51EF4700B3FDEF /* ZoomBlurFragmentShader.fsh */ = {isa = PBXFileReference; fileEncoding = 4; lastKnownFileType = sourcecode.glsl; path = ZoomBlurFragmentShader.fsh; sourceTree = "<group>"; };
		4123446B1E51EF4700B3FDEF /* AdditionBlendFilter.swift */ = {isa = PBXFileReference; fileEncoding = 4; lastKnownFileType = sourcecode.swift; path = AdditionBlendFilter.swift; sourceTree = "<group>"; };
		4123446C1E51EF4700B3FDEF /* AdditionBlendFragmentShader.fsh */ = {isa = PBXFileReference; fileEncoding = 4; lastKnownFileType = sourcecode.glsl; path = AdditionBlendFragmentShader.fsh; sourceTree = "<group>"; };
		4123446E1E51EF4700B3FDEF /* AlphaMaskBlendFilter.swift */ = {isa = PBXFileReference; fileEncoding = 4; lastKnownFileType = sourcecode.swift; path = AlphaMaskBlendFilter.swift; sourceTree = "<group>"; };
		4123446F1E51EF4700B3FDEF /* AlphaMaskBlendFragmentShader.fsh */ = {isa = PBXFileReference; fileEncoding = 4; lastKnownFileType = sourcecode.glsl; path = AlphaMaskBlendFragmentShader.fsh; sourceTree = "<group>"; };
		412344711E51EF4700B3FDEF /* ColorBurnBlendFilter.swift */ = {isa = PBXFileReference; fileEncoding = 4; lastKnownFileType = sourcecode.swift; path = ColorBurnBlendFilter.swift; sourceTree = "<group>"; };
		412344721E51EF4700B3FDEF /* ColorBurnBlendFragmentShader.fsh */ = {isa = PBXFileReference; fileEncoding = 4; lastKnownFileType = sourcecode.glsl; path = ColorBurnBlendFragmentShader.fsh; sourceTree = "<group>"; };
		412344741E51EF4700B3FDEF /* ColorDodgeBlendFilter.swift */ = {isa = PBXFileReference; fileEncoding = 4; lastKnownFileType = sourcecode.swift; path = ColorDodgeBlendFilter.swift; sourceTree = "<group>"; };
		412344751E51EF4700B3FDEF /* ColorDodgeBlendFragmentShader.fsh */ = {isa = PBXFileReference; fileEncoding = 4; lastKnownFileType = sourcecode.glsl; path = ColorDodgeBlendFragmentShader.fsh; sourceTree = "<group>"; };
		412344771E51EF4700B3FDEF /* DarkenBlendFilter.swift */ = {isa = PBXFileReference; fileEncoding = 4; lastKnownFileType = sourcecode.swift; path = DarkenBlendFilter.swift; sourceTree = "<group>"; };
		412344781E51EF4700B3FDEF /* DarkenBlendFragmentShader.fsh */ = {isa = PBXFileReference; fileEncoding = 4; lastKnownFileType = sourcecode.glsl; path = DarkenBlendFragmentShader.fsh; sourceTree = "<group>"; };
		4123447B1E51EF4700B3FDEF /* DifferenceBlendFilter.swift */ = {isa = PBXFileReference; fileEncoding = 4; lastKnownFileType = sourcecode.swift; path = DifferenceBlendFilter.swift; sourceTree = "<group>"; };
		4123447C1E51EF4700B3FDEF /* DifferenceBlendFragmentShader.fsh */ = {isa = PBXFileReference; fileEncoding = 4; lastKnownFileType = sourcecode.glsl; path = DifferenceBlendFragmentShader.fsh; sourceTree = "<group>"; };
		4123447E1E51EF4700B3FDEF /* DivideBlendFilter.swift */ = {isa = PBXFileReference; fileEncoding = 4; lastKnownFileType = sourcecode.swift; path = DivideBlendFilter.swift; sourceTree = "<group>"; };
		4123447F1E51EF4700B3FDEF /* DivideBlendFragmentShader.fsh */ = {isa = PBXFileReference; fileEncoding = 4; lastKnownFileType = sourcecode.glsl; path = DivideBlendFragmentShader.fsh; sourceTree = "<group>"; };
		412344811E51EF4700B3FDEF /* HardLightBlendFilter.swift */ = {isa = PBXFileReference; fileEncoding = 4; lastKnownFileType = sourcecode.swift; path = HardLightBlendFilter.swift; sourceTree = "<group>"; };
		412344821E51EF4700B3FDEF /* HardLightBlendFragmentShader.fsh */ = {isa = PBXFileReference; fileEncoding = 4; lastKnownFileType = sourcecode.glsl; path = HardLightBlendFragmentShader.fsh; sourceTree = "<group>"; };
		412344841E51EF4700B3FDEF /* HueBlendFilter.swift */ = {isa = PBXFileReference; fileEncoding = 4; lastKnownFileType = sourcecode.swift; path = HueBlendFilter.swift; sourceTree = "<group>"; };
		412344851E51EF4700B3FDEF /* HueBlendFragmentShader.fsh */ = {isa = PBXFileReference; fileEncoding = 4; lastKnownFileType = sourcecode.glsl; path = HueBlendFragmentShader.fsh; sourceTree = "<group>"; };
		412344871E51EF4700B3FDEF /* LightenBlendFilter.swift */ = {isa = PBXFileReference; fileEncoding = 4; lastKnownFileType = sourcecode.swift; path = LightenBlendFilter.swift; sourceTree = "<group>"; };
		412344881E51EF4700B3FDEF /* LightenBlendFragmentShader.fsh */ = {isa = PBXFileReference; fileEncoding = 4; lastKnownFileType = sourcecode.glsl; path = LightenBlendFragmentShader.fsh; sourceTree = "<group>"; };
		4123448B1E51EF4700B3FDEF /* LinearBlendFilter.swift */ = {isa = PBXFileReference; fileEncoding = 4; lastKnownFileType = sourcecode.swift; path = LinearBlendFilter.swift; sourceTree = "<group>"; };
		4123448C1E51EF4700B3FDEF /* LinearBlendFragmentShader.fsh */ = {isa = PBXFileReference; fileEncoding = 4; lastKnownFileType = sourcecode.glsl; path = LinearBlendFragmentShader.fsh; sourceTree = "<group>"; };
		4123448E1E51EF4700B3FDEF /* LinearBurnBlendFilter.swift */ = {isa = PBXFileReference; fileEncoding = 4; lastKnownFileType = sourcecode.swift; path = LinearBurnBlendFilter.swift; sourceTree = "<group>"; };
		4123448F1E51EF4700B3FDEF /* LinearBurnBlendFragmentShader.fsh */ = {isa = PBXFileReference; fileEncoding = 4; lastKnownFileType = sourcecode.glsl; path = LinearBurnBlendFragmentShader.fsh; sourceTree = "<group>"; };
		412344911E51EF4700B3FDEF /* LuminosityBlendFilter.swift */ = {isa = PBXFileReference; fileEncoding = 4; lastKnownFileType = sourcecode.swift; path = LuminosityBlendFilter.swift; sourceTree = "<group>"; };
		412344921E51EF4700B3FDEF /* LuminosityBlendFragmentShader.fsh */ = {isa = PBXFileReference; fileEncoding = 4; lastKnownFileType = sourcecode.glsl; path = LuminosityBlendFragmentShader.fsh; sourceTree = "<group>"; };
		412344941E51EF4700B3FDEF /* MaskBlendFilter.swift */ = {isa = PBXFileReference; fileEncoding = 4; lastKnownFileType = sourcecode.swift; path = MaskBlendFilter.swift; sourceTree = "<group>"; };
		412344951E51EF4700B3FDEF /* MaskBlendFragmentShader.fsh */ = {isa = PBXFileReference; fileEncoding = 4; lastKnownFileType = sourcecode.glsl; path = MaskBlendFragmentShader.fsh; sourceTree = "<group>"; };
		412344971E51EF4700B3FDEF /* MaximumBlendFilter.swift */ = {isa = PBXFileReference; fileEncoding = 4; lastKnownFileType = sourcecode.swift; path = MaximumBlendFilter.swift; sourceTree = "<group>"; };
		412344981E51EF4700B3FDEF /* MaximumBlendFragmentShader.fsh */ = {isa = PBXFileReference; fileEncoding = 4; lastKnownFileType = sourcecode.glsl; path = MaximumBlendFragmentShader.fsh; sourceTree = "<group>"; };
		4123449A1E51EF4700B3FDEF /* MinimumBlendFilter.swift */ = {isa = PBXFileReference; fileEncoding = 4; lastKnownFileType = sourcecode.swift; path = MinimumBlendFilter.swift; sourceTree = "<group>"; };
		4123449B1E51EF4700B3FDEF /* MinimumBlendFragmentShader.fsh */ = {isa = PBXFileReference; fileEncoding = 4; lastKnownFileType = sourcecode.glsl; path = MinimumBlendFragmentShader.fsh; sourceTree = "<group>"; };
		4123449D1E51EF4700B3FDEF /* MultiplyBlendFilter.swift */ = {isa = PBXFileReference; fileEncoding = 4; lastKnownFileType = sourcecode.swift; path = MultiplyBlendFilter.swift; sourceTree = "<group>"; };
		4123449E1E51EF4700B3FDEF /* MultiplyBlendFragmentShader.fsh */ = {isa = PBXFileReference; fileEncoding = 4; lastKnownFileType = sourcecode.glsl; path = MultiplyBlendFragmentShader.fsh; sourceTree = "<group>"; };
		412344A01E51EF4700B3FDEF /* OverlayBlendFilter.swift */ = {isa = PBXFileReference; fileEncoding = 4; lastKnownFileType = sourcecode.swift; path = OverlayBlendFilter.swift; sourceTree = "<group>"; };
		412344A11E51EF4700B3FDEF /* OverlayBlendFragmentShader.fsh */ = {isa = PBXFileReference; fileEncoding = 4; lastKnownFileType = sourcecode.glsl; path = OverlayBlendFragmentShader.fsh; sourceTree = "<group>"; };
		412344A31E51EF4700B3FDEF /* SaturationBlendFilter.swift */ = {isa = PBXFileReference; fileEncoding = 4; lastKnownFileType = sourcecode.swift; path = SaturationBlendFilter.swift; sourceTree = "<group>"; };
		412344A41E51EF4700B3FDEF /* SaturationBlendFragmentShader.fsh */ = {isa = PBXFileReference; fileEncoding = 4; lastKnownFileType = sourcecode.glsl; path = SaturationBlendFragmentShader.fsh; sourceTree = "<group>"; };
		412344A61E51EF4700B3FDEF /* ScreenBlendFilter.swift */ = {isa = PBXFileReference; fileEncoding = 4; lastKnownFileType = sourcecode.swift; path = ScreenBlendFilter.swift; sourceTree = "<group>"; };
		412344A71E51EF4700B3FDEF /* ScreenBlendFragmentShader.fsh */ = {isa = PBXFileReference; fileEncoding = 4; lastKnownFileType = sourcecode.glsl; path = ScreenBlendFragmentShader.fsh; sourceTree = "<group>"; };
		412344A91E51EF4700B3FDEF /* SoftLightBlendFilter.swift */ = {isa = PBXFileReference; fileEncoding = 4; lastKnownFileType = sourcecode.swift; path = SoftLightBlendFilter.swift; sourceTree = "<group>"; };
		412344AA1E51EF4700B3FDEF /* SoftLightBlendFragmentShader.fsh */ = {isa = PBXFileReference; fileEncoding = 4; lastKnownFileType = sourcecode.glsl; path = SoftLightBlendFragmentShader.fsh; sourceTree = "<group>"; };
		412344AC1E51EF4700B3FDEF /* SubtrachBlendFilter.swift */ = {isa = PBXFileReference; fileEncoding = 4; lastKnownFileType = sourcecode.swift; path = SubtrachBlendFilter.swift; sourceTree = "<group>"; };
		412344AD1E51EF4700B3FDEF /* SubtractBlendFragmentShader.fsh */ = {isa = PBXFileReference; fileEncoding = 4; lastKnownFileType = sourcecode.glsl; path = SubtractBlendFragmentShader.fsh; sourceTree = "<group>"; };
		412344AE1E51EF4700B3FDEF /* DualInputFilter.swift */ = {isa = PBXFileReference; fileEncoding = 4; lastKnownFileType = sourcecode.swift; path = DualInputFilter.swift; sourceTree = "<group>"; };
		412344B21E51EF4700B3FDEF /* ColorClampFilter.swift */ = {isa = PBXFileReference; fileEncoding = 4; lastKnownFileType = sourcecode.swift; path = ColorClampFilter.swift; sourceTree = "<group>"; };
		412344B31E51EF4700B3FDEF /* ColorClampFragmentShader.fsh */ = {isa = PBXFileReference; fileEncoding = 4; lastKnownFileType = sourcecode.glsl; path = ColorClampFragmentShader.fsh; sourceTree = "<group>"; };
		412344B51E51EF4700B3FDEF /* ColorInvertFilter.swift */ = {isa = PBXFileReference; fileEncoding = 4; lastKnownFileType = sourcecode.swift; path = ColorInvertFilter.swift; sourceTree = "<group>"; };
		412344B61E51EF4700B3FDEF /* ColorInvertFragmentShader.fsh */ = {isa = PBXFileReference; fileEncoding = 4; lastKnownFileType = sourcecode.glsl; path = ColorInvertFragmentShader.fsh; sourceTree = "<group>"; };
		412344B81E51EF4700B3FDEF /* ColorBiasFilter.swift */ = {isa = PBXFileReference; fileEncoding = 4; lastKnownFileType = sourcecode.swift; path = ColorBiasFilter.swift; sourceTree = "<group>"; };
		412344B91E51EF4700B3FDEF /* ColorBiasFragmentShader.fsh */ = {isa = PBXFileReference; fileEncoding = 4; lastKnownFileType = sourcecode.glsl; path = ColorBiasFragmentShader.fsh; sourceTree = "<group>"; };
		412344BB1E51EF4700B3FDEF /* ExplosureAdjustFilter.swift */ = {isa = PBXFileReference; fileEncoding = 4; lastKnownFileType = sourcecode.swift; path = ExplosureAdjustFilter.swift; sourceTree = "<group>"; };
		412344BC1E51EF4700B3FDEF /* ExplosureAdjustFragmentShader.fsh */ = {isa = PBXFileReference; fileEncoding = 4; lastKnownFileType = sourcecode.glsl; path = ExplosureAdjustFragmentShader.fsh; sourceTree = "<group>"; };
		412344BE1E51EF4700B3FDEF /* GammaAdjustFilter.swift */ = {isa = PBXFileReference; fileEncoding = 4; lastKnownFileType = sourcecode.swift; path = GammaAdjustFilter.swift; sourceTree = "<group>"; };
		412344BF1E51EF4700B3FDEF /* GammaAdjustFragmentShader.fsh */ = {isa = PBXFileReference; fileEncoding = 4; lastKnownFileType = sourcecode.glsl; path = GammaAdjustFragmentShader.fsh; sourceTree = "<group>"; };
		412344C11E51EF4700B3FDEF /* HueAdjustFilter.swift */ = {isa = PBXFileReference; fileEncoding = 4; lastKnownFileType = sourcecode.swift; path = HueAdjustFilter.swift; sourceTree = "<group>"; };
		412344C21E51EF4700B3FDEF /* HueAdjustFragmentShader.fsh */ = {isa = PBXFileReference; fileEncoding = 4; lastKnownFileType = sourcecode.glsl; path = HueAdjustFragmentShader.fsh; sourceTree = "<group>"; };
		412344C41E51EF4700B3FDEF /* MaximumComponentFilter.swift */ = {isa = PBXFileReference; fileEncoding = 4; lastKnownFileType = sourcecode.swift; path = MaximumComponentFilter.swift; sourceTree = "<group>"; };
		412344C51E51EF4700B3FDEF /* MaximumComponentFragmentShader.fsh */ = {isa = PBXFileReference; fileEncoding = 4; lastKnownFileType = sourcecode.glsl; path = MaximumComponentFragmentShader.fsh; sourceTree = "<group>"; };
		412344C71E51EF4700B3FDEF /* MinimumComponentFilter.swift */ = {isa = PBXFileReference; fileEncoding = 4; lastKnownFileType = sourcecode.swift; path = MinimumComponentFilter.swift; sourceTree = "<group>"; };
		412344C81E51EF4700B3FDEF /* MinimumComponentFragment.fsh */ = {isa = PBXFileReference; fileEncoding = 4; lastKnownFileType = sourcecode.glsl; path = MinimumComponentFragment.fsh; sourceTree = "<group>"; };
		412344C91E51EF4700B3FDEF /* Filter.swift */ = {isa = PBXFileReference; fileEncoding = 4; lastKnownFileType = sourcecode.swift; path = Filter.swift; sourceTree = "<group>"; };
		412344CA1E51EF4700B3FDEF /* PassthroughVertexShader.vsh */ = {isa = PBXFileReference; fileEncoding = 4; lastKnownFileType = sourcecode.glsl; path = PassthroughVertexShader.vsh; sourceTree = "<group>"; };
		412344CB1E51EF4700B3FDEF /* PassthroughFragmentShader.fsh */ = {isa = PBXFileReference; fileEncoding = 4; lastKnownFileType = sourcecode.glsl; path = PassthroughFragmentShader.fsh; sourceTree = "<group>"; };
		412344CC1E51EF4700B3FDEF /* ThreeInputFilter.swift */ = {isa = PBXFileReference; fileEncoding = 4; lastKnownFileType = sourcecode.swift; path = ThreeInputFilter.swift; sourceTree = "<group>"; };
		412344CD1E51EF4700B3FDEF /* TwoPassFilter.swift */ = {isa = PBXFileReference; fileEncoding = 4; lastKnownFileType = sourcecode.swift; path = TwoPassFilter.swift; sourceTree = "<group>"; };
		412344CF1E51EF4700B3FDEF /* Context.swift */ = {isa = PBXFileReference; fileEncoding = 4; lastKnownFileType = sourcecode.swift; path = Context.swift; sourceTree = "<group>"; };
		412344D11E51EF4700B3FDEF /* ImageInputFrameBuffer.swift */ = {isa = PBXFileReference; fileEncoding = 4; lastKnownFileType = sourcecode.swift; path = ImageInputFrameBuffer.swift; sourceTree = "<group>"; };
		412344D21E51EF4700B3FDEF /* InputFrameBuffer.swift */ = {isa = PBXFileReference; fileEncoding = 4; lastKnownFileType = sourcecode.swift; path = InputFrameBuffer.swift; sourceTree = "<group>"; };
		412344D31E51EF4700B3FDEF /* OutputFrameBuffer.swift */ = {isa = PBXFileReference; fileEncoding = 4; lastKnownFileType = sourcecode.swift; path = OutputFrameBuffer.swift; sourceTree = "<group>"; };
		412344D41E51EF4700B3FDEF /* SMSampleInputFrameBuffer.swift */ = {isa = PBXFileReference; fileEncoding = 4; lastKnownFileType = sourcecode.swift; path = SMSampleInputFrameBuffer.swift; sourceTree = "<group>"; };
		412344D51E51EF4700B3FDEF /* TextureInputFrameBuffer.swift */ = {isa = PBXFileReference; fileEncoding = 4; lastKnownFileType = sourcecode.swift; path = TextureInputFrameBuffer.swift; sourceTree = "<group>"; };
		412344D61E51EF4700B3FDEF /* TextureOutputFrameBuffer.swift */ = {isa = PBXFileReference; fileEncoding = 4; lastKnownFileType = sourcecode.swift; path = TextureOutputFrameBuffer.swift; sourceTree = "<group>"; };
		412344D71E51EF4700B3FDEF /* Limits.swift */ = {isa = PBXFileReference; fileEncoding = 4; lastKnownFileType = sourcecode.swift; path = Limits.swift; sourceTree = "<group>"; };
		412344D81E51EF4700B3FDEF /* Program.swift */ = {isa = PBXFileReference; fileEncoding = 4; lastKnownFileType = sourcecode.swift; path = Program.swift; sourceTree = "<group>"; };
		412344D91E51EF4700B3FDEF /* ProgramObjectsCacher.swift */ = {isa = PBXFileReference; fileEncoding = 4; lastKnownFileType = sourcecode.swift; path = ProgramObjectsCacher.swift; sourceTree = "<group>"; };
		412344DA1E51EF4700B3FDEF /* TextureCacher.swift */ = {isa = PBXFileReference; fileEncoding = 4; lastKnownFileType = sourcecode.swift; path = TextureCacher.swift; sourceTree = "<group>"; };
		412344DD1E51EF4700B3FDEF /* CameraPreviewView.swift */ = {isa = PBXFileReference; fileEncoding = 4; lastKnownFileType = sourcecode.swift; path = CameraPreviewView.swift; sourceTree = "<group>"; };
		412344DE1E51EF4700B3FDEF /* EAGLOuputFrameBuffer.swift */ = {isa = PBXFileReference; fileEncoding = 4; lastKnownFileType = sourcecode.swift; path = EAGLOuputFrameBuffer.swift; sourceTree = "<group>"; };
		412344DF1E51EF4700B3FDEF /* String+Helper.swift */ = {isa = PBXFileReference; fileEncoding = 4; lastKnownFileType = sourcecode.swift; path = "String+Helper.swift"; sourceTree = "<group>"; };
		412344E01E51EF4700B3FDEF /* SwiftyImage.h */ = {isa = PBXFileReference; fileEncoding = 4; lastKnownFileType = sourcecode.c.h; path = SwiftyImage.h; sourceTree = "<group>"; };
		4149650D1E5FBED400CB7ADA /* PixelBufferPool.swift */ = {isa = PBXFileReference; fileEncoding = 4; lastKnownFileType = sourcecode.swift; path = PixelBufferPool.swift; sourceTree = "<group>"; };
		41F1E5271E5D81C700C836DA /* PassthroughFilter.swift */ = {isa = PBXFileReference; fileEncoding = 4; lastKnownFileType = sourcecode.swift; path = PassthroughFilter.swift; sourceTree = "<group>"; };
/* End PBXFileReference section */

/* Begin PBXFrameworksBuildPhase section */
		412343201E51EEBA00B3FDEF /* Frameworks */ = {
			isa = PBXFrameworksBuildPhase;
			buildActionMask = 2147483647;
			files = (
			);
			runOnlyForDeploymentPostprocessing = 0;
		};
/* End PBXFrameworksBuildPhase section */

/* Begin PBXGroup section */
		41012E0B1E58012A00D39AA0 /* Convert */ = {
			isa = PBXGroup;
			children = (
				41012E0C1E58015500D39AA0 /* ComponentExchangeFilter.swift */,
				41012E0F1E58066800D39AA0 /* RGBNBGRExchangeFragmentShader.fsh */,
			);
			path = Convert;
			sourceTree = "<group>";
		};
		4123431A1E51EEBA00B3FDEF = {
			isa = PBXGroup;
			children = (
				4123444F1E51EF4600B3FDEF /* Sources */,
				4123444E1E51EF4600B3FDEF /* Info.plist */,
				412344E01E51EF4700B3FDEF /* SwiftyImage.h */,
				412343251E51EEBA00B3FDEF /* Products */,
			);
			sourceTree = "<group>";
		};
		412343251E51EEBA00B3FDEF /* Products */ = {
			isa = PBXGroup;
			children = (
				412343241E51EEBA00B3FDEF /* SwiftyImage.framework */,
			);
			name = Products;
			sourceTree = "<group>";
		};
		4123444F1E51EF4600B3FDEF /* Sources */ = {
			isa = PBXGroup;
			children = (
				412344581E51EF4600B3FDEF /* Errors.swift */,
				412344501E51EF4600B3FDEF /* Camera */,
				412344551E51EF4600B3FDEF /* Canvas */,
				412344591E51EF4600B3FDEF /* Filters */,
				412344CE1E51EF4700B3FDEF /* GLObjects */,
				412344DB1E51EF4700B3FDEF /* Platform */,
				412344DF1E51EF4700B3FDEF /* String+Helper.swift */,
			);
			path = Sources;
			sourceTree = "<group>";
		};
		412344501E51EF4600B3FDEF /* Camera */ = {
			isa = PBXGroup;
			children = (
				412344511E51EF4600B3FDEF /* BaseCamera.swift */,
				412344521E51EF4600B3FDEF /* Camera.swift */,
				412344531E51EF4600B3FDEF /* StillImageCamera.swift */,
				412344541E51EF4600B3FDEF /* VideoCamera.swift */,
				41011A421E5E6E2E006B54FD /* FrameWriter.swift */,
			);
			path = Camera;
			sourceTree = "<group>";
		};
		412344551E51EF4600B3FDEF /* Canvas */ = {
			isa = PBXGroup;
			children = (
				412344561E51EF4600B3FDEF /* Canvas.swift */,
				412344571E51EF4600B3FDEF /* ImageCanvas.swift */,
			);
			path = Canvas;
			sourceTree = "<group>";
		};
		412344591E51EF4600B3FDEF /* Filters */ = {
			isa = PBXGroup;
			children = (
				4123445A1E51EF4600B3FDEF /* 3x3KernelVertexShader.vsh */,
				412344CA1E51EF4700B3FDEF /* PassthroughVertexShader.vsh */,
				412344CB1E51EF4700B3FDEF /* PassthroughFragmentShader.fsh */,
				412344C91E51EF4700B3FDEF /* Filter.swift */,
				4123445B1E51EF4600B3FDEF /* BaseFilter.swift */,
				412344AE1E51EF4700B3FDEF /* DualInputFilter.swift */,
				412344CC1E51EF4700B3FDEF /* ThreeInputFilter.swift */,
				412344CD1E51EF4700B3FDEF /* TwoPassFilter.swift */,
				41F1E5261E5D818300C836DA /* Test */,
				41012E0B1E58012A00D39AA0 /* Convert */,
				4123445C1E51EF4600B3FDEF /* Blur */,
				412344691E51EF4700B3FDEF /* Composite */,
				412344AF1E51EF4700B3FDEF /* Effect */,
			);
			path = Filters;
			sourceTree = "<group>";
		};
		4123445C1E51EF4600B3FDEF /* Blur */ = {
			isa = PBXGroup;
			children = (
				4123445D1E51EF4600B3FDEF /* BoxBlurFilter.swift */,
				4123445E1E51EF4700B3FDEF /* GaussianBlurFilter.swift */,
				4123445F1E51EF4700B3FDEF /* MedianBlur */,
				412344621E51EF4700B3FDEF /* MotionBlur */,
				412344661E51EF4700B3FDEF /* ZoomBlur */,
			);
			path = Blur;
			sourceTree = "<group>";
		};
		4123445F1E51EF4700B3FDEF /* MedianBlur */ = {
			isa = PBXGroup;
			children = (
				412344601E51EF4700B3FDEF /* MedianBlurFilter.swift */,
				412344611E51EF4700B3FDEF /* MedianBlurFragmentShader.fsh */,
			);
			path = MedianBlur;
			sourceTree = "<group>";
		};
		412344621E51EF4700B3FDEF /* MotionBlur */ = {
			isa = PBXGroup;
			children = (
				412344631E51EF4700B3FDEF /* MotionBlurFilter.swift */,
				412344641E51EF4700B3FDEF /* MotionBlurFragmentShader.fsh */,
				412344651E51EF4700B3FDEF /* MotionBlurVertexShader.vsh */,
			);
			path = MotionBlur;
			sourceTree = "<group>";
		};
		412344661E51EF4700B3FDEF /* ZoomBlur */ = {
			isa = PBXGroup;
			children = (
				412344671E51EF4700B3FDEF /* ZoomBlurFilter.swift */,
				412344681E51EF4700B3FDEF /* ZoomBlurFragmentShader.fsh */,
			);
			path = ZoomBlur;
			sourceTree = "<group>";
		};
		412344691E51EF4700B3FDEF /* Composite */ = {
			isa = PBXGroup;
			children = (
				4123446A1E51EF4700B3FDEF /* AdditionBlend */,
				4123446D1E51EF4700B3FDEF /* AlphaMaskBlend */,
				412344701E51EF4700B3FDEF /* ColorBurnBlend */,
				412344731E51EF4700B3FDEF /* ColorDodgeBlend */,
				412344761E51EF4700B3FDEF /* DarkenBlend */,
				4123447A1E51EF4700B3FDEF /* DifferenceBlend */,
				4123447D1E51EF4700B3FDEF /* DivideBlend */,
				412344801E51EF4700B3FDEF /* HardLightBlend */,
				412344831E51EF4700B3FDEF /* HueBlend */,
				412344861E51EF4700B3FDEF /* LightenBlend */,
				4123448A1E51EF4700B3FDEF /* LinearBlend */,
				4123448D1E51EF4700B3FDEF /* LinearBurnBlend */,
				412344901E51EF4700B3FDEF /* LuminosityBlend */,
				412344931E51EF4700B3FDEF /* MaskBlend */,
				412344961E51EF4700B3FDEF /* MaximumBlend */,
				412344991E51EF4700B3FDEF /* MinimumBlend */,
				4123449C1E51EF4700B3FDEF /* MultiplyBlend */,
				4123449F1E51EF4700B3FDEF /* OverlayBlend */,
				412344A21E51EF4700B3FDEF /* SaturationBlend */,
				412344A51E51EF4700B3FDEF /* ScreenBlend */,
				412344A81E51EF4700B3FDEF /* SoftLightBlend */,
				412344AB1E51EF4700B3FDEF /* SubtractBlend */,
			);
			path = Composite;
			sourceTree = "<group>";
		};
		4123446A1E51EF4700B3FDEF /* AdditionBlend */ = {
			isa = PBXGroup;
			children = (
				4123446B1E51EF4700B3FDEF /* AdditionBlendFilter.swift */,
				4123446C1E51EF4700B3FDEF /* AdditionBlendFragmentShader.fsh */,
			);
			path = AdditionBlend;
			sourceTree = "<group>";
		};
		4123446D1E51EF4700B3FDEF /* AlphaMaskBlend */ = {
			isa = PBXGroup;
			children = (
				4123446E1E51EF4700B3FDEF /* AlphaMaskBlendFilter.swift */,
				4123446F1E51EF4700B3FDEF /* AlphaMaskBlendFragmentShader.fsh */,
			);
			path = AlphaMaskBlend;
			sourceTree = "<group>";
		};
		412344701E51EF4700B3FDEF /* ColorBurnBlend */ = {
			isa = PBXGroup;
			children = (
				412344711E51EF4700B3FDEF /* ColorBurnBlendFilter.swift */,
				412344721E51EF4700B3FDEF /* ColorBurnBlendFragmentShader.fsh */,
			);
			path = ColorBurnBlend;
			sourceTree = "<group>";
		};
		412344731E51EF4700B3FDEF /* ColorDodgeBlend */ = {
			isa = PBXGroup;
			children = (
				412344741E51EF4700B3FDEF /* ColorDodgeBlendFilter.swift */,
				412344751E51EF4700B3FDEF /* ColorDodgeBlendFragmentShader.fsh */,
			);
			path = ColorDodgeBlend;
			sourceTree = "<group>";
		};
		412344761E51EF4700B3FDEF /* DarkenBlend */ = {
			isa = PBXGroup;
			children = (
				412344771E51EF4700B3FDEF /* DarkenBlendFilter.swift */,
				412344781E51EF4700B3FDEF /* DarkenBlendFragmentShader.fsh */,
			);
			path = DarkenBlend;
			sourceTree = "<group>";
		};
		4123447A1E51EF4700B3FDEF /* DifferenceBlend */ = {
			isa = PBXGroup;
			children = (
				4123447B1E51EF4700B3FDEF /* DifferenceBlendFilter.swift */,
				4123447C1E51EF4700B3FDEF /* DifferenceBlendFragmentShader.fsh */,
			);
			path = DifferenceBlend;
			sourceTree = "<group>";
		};
		4123447D1E51EF4700B3FDEF /* DivideBlend */ = {
			isa = PBXGroup;
			children = (
				4123447E1E51EF4700B3FDEF /* DivideBlendFilter.swift */,
				4123447F1E51EF4700B3FDEF /* DivideBlendFragmentShader.fsh */,
			);
			path = DivideBlend;
			sourceTree = "<group>";
		};
		412344801E51EF4700B3FDEF /* HardLightBlend */ = {
			isa = PBXGroup;
			children = (
				412344811E51EF4700B3FDEF /* HardLightBlendFilter.swift */,
				412344821E51EF4700B3FDEF /* HardLightBlendFragmentShader.fsh */,
			);
			path = HardLightBlend;
			sourceTree = "<group>";
		};
		412344831E51EF4700B3FDEF /* HueBlend */ = {
			isa = PBXGroup;
			children = (
				412344841E51EF4700B3FDEF /* HueBlendFilter.swift */,
				412344851E51EF4700B3FDEF /* HueBlendFragmentShader.fsh */,
			);
			path = HueBlend;
			sourceTree = "<group>";
		};
		412344861E51EF4700B3FDEF /* LightenBlend */ = {
			isa = PBXGroup;
			children = (
				412344871E51EF4700B3FDEF /* LightenBlendFilter.swift */,
				412344881E51EF4700B3FDEF /* LightenBlendFragmentShader.fsh */,
			);
			path = LightenBlend;
			sourceTree = "<group>";
		};
		4123448A1E51EF4700B3FDEF /* LinearBlend */ = {
			isa = PBXGroup;
			children = (
				4123448B1E51EF4700B3FDEF /* LinearBlendFilter.swift */,
				4123448C1E51EF4700B3FDEF /* LinearBlendFragmentShader.fsh */,
			);
			path = LinearBlend;
			sourceTree = "<group>";
		};
		4123448D1E51EF4700B3FDEF /* LinearBurnBlend */ = {
			isa = PBXGroup;
			children = (
				4123448E1E51EF4700B3FDEF /* LinearBurnBlendFilter.swift */,
				4123448F1E51EF4700B3FDEF /* LinearBurnBlendFragmentShader.fsh */,
			);
			path = LinearBurnBlend;
			sourceTree = "<group>";
		};
		412344901E51EF4700B3FDEF /* LuminosityBlend */ = {
			isa = PBXGroup;
			children = (
				412344911E51EF4700B3FDEF /* LuminosityBlendFilter.swift */,
				412344921E51EF4700B3FDEF /* LuminosityBlendFragmentShader.fsh */,
			);
			path = LuminosityBlend;
			sourceTree = "<group>";
		};
		412344931E51EF4700B3FDEF /* MaskBlend */ = {
			isa = PBXGroup;
			children = (
				412344941E51EF4700B3FDEF /* MaskBlendFilter.swift */,
				412344951E51EF4700B3FDEF /* MaskBlendFragmentShader.fsh */,
			);
			path = MaskBlend;
			sourceTree = "<group>";
		};
		412344961E51EF4700B3FDEF /* MaximumBlend */ = {
			isa = PBXGroup;
			children = (
				412344971E51EF4700B3FDEF /* MaximumBlendFilter.swift */,
				412344981E51EF4700B3FDEF /* MaximumBlendFragmentShader.fsh */,
			);
			path = MaximumBlend;
			sourceTree = "<group>";
		};
		412344991E51EF4700B3FDEF /* MinimumBlend */ = {
			isa = PBXGroup;
			children = (
				4123449A1E51EF4700B3FDEF /* MinimumBlendFilter.swift */,
				4123449B1E51EF4700B3FDEF /* MinimumBlendFragmentShader.fsh */,
			);
			path = MinimumBlend;
			sourceTree = "<group>";
		};
		4123449C1E51EF4700B3FDEF /* MultiplyBlend */ = {
			isa = PBXGroup;
			children = (
				4123449D1E51EF4700B3FDEF /* MultiplyBlendFilter.swift */,
				4123449E1E51EF4700B3FDEF /* MultiplyBlendFragmentShader.fsh */,
			);
			path = MultiplyBlend;
			sourceTree = "<group>";
		};
		4123449F1E51EF4700B3FDEF /* OverlayBlend */ = {
			isa = PBXGroup;
			children = (
				412344A01E51EF4700B3FDEF /* OverlayBlendFilter.swift */,
				412344A11E51EF4700B3FDEF /* OverlayBlendFragmentShader.fsh */,
			);
			path = OverlayBlend;
			sourceTree = "<group>";
		};
		412344A21E51EF4700B3FDEF /* SaturationBlend */ = {
			isa = PBXGroup;
			children = (
				412344A31E51EF4700B3FDEF /* SaturationBlendFilter.swift */,
				412344A41E51EF4700B3FDEF /* SaturationBlendFragmentShader.fsh */,
			);
			path = SaturationBlend;
			sourceTree = "<group>";
		};
		412344A51E51EF4700B3FDEF /* ScreenBlend */ = {
			isa = PBXGroup;
			children = (
				412344A61E51EF4700B3FDEF /* ScreenBlendFilter.swift */,
				412344A71E51EF4700B3FDEF /* ScreenBlendFragmentShader.fsh */,
			);
			path = ScreenBlend;
			sourceTree = "<group>";
		};
		412344A81E51EF4700B3FDEF /* SoftLightBlend */ = {
			isa = PBXGroup;
			children = (
				412344A91E51EF4700B3FDEF /* SoftLightBlendFilter.swift */,
				412344AA1E51EF4700B3FDEF /* SoftLightBlendFragmentShader.fsh */,
			);
			path = SoftLightBlend;
			sourceTree = "<group>";
		};
		412344AB1E51EF4700B3FDEF /* SubtractBlend */ = {
			isa = PBXGroup;
			children = (
				412344AC1E51EF4700B3FDEF /* SubtrachBlendFilter.swift */,
				412344AD1E51EF4700B3FDEF /* SubtractBlendFragmentShader.fsh */,
			);
			path = SubtractBlend;
			sourceTree = "<group>";
		};
		412344AF1E51EF4700B3FDEF /* Effect */ = {
			isa = PBXGroup;
			children = (
				412344B01E51EF4700B3FDEF /* Color */,
			);
			path = Effect;
			sourceTree = "<group>";
		};
		412344B01E51EF4700B3FDEF /* Color */ = {
			isa = PBXGroup;
			children = (
				412344B11E51EF4700B3FDEF /* ColorClampFilter */,
				412344B41E51EF4700B3FDEF /* ColorInvertFilter */,
				412344B71E51EF4700B3FDEF /* ColorMatrixFilter */,
				412344BA1E51EF4700B3FDEF /* ExplosureAdjustFilter */,
				412344BD1E51EF4700B3FDEF /* GammaAdjustFilter */,
				412344C01E51EF4700B3FDEF /* HueAdjust */,
				412344C31E51EF4700B3FDEF /* MaximumComponentFilter */,
				412344C61E51EF4700B3FDEF /* MinimumComponentFilter */,
			);
			path = Color;
			sourceTree = "<group>";
		};
		412344B11E51EF4700B3FDEF /* ColorClampFilter */ = {
			isa = PBXGroup;
			children = (
				412344B21E51EF4700B3FDEF /* ColorClampFilter.swift */,
				412344B31E51EF4700B3FDEF /* ColorClampFragmentShader.fsh */,
			);
			path = ColorClampFilter;
			sourceTree = "<group>";
		};
		412344B41E51EF4700B3FDEF /* ColorInvertFilter */ = {
			isa = PBXGroup;
			children = (
				412344B51E51EF4700B3FDEF /* ColorInvertFilter.swift */,
				412344B61E51EF4700B3FDEF /* ColorInvertFragmentShader.fsh */,
			);
			path = ColorInvertFilter;
			sourceTree = "<group>";
		};
		412344B71E51EF4700B3FDEF /* ColorMatrixFilter */ = {
			isa = PBXGroup;
			children = (
				412344B81E51EF4700B3FDEF /* ColorBiasFilter.swift */,
				412344B91E51EF4700B3FDEF /* ColorBiasFragmentShader.fsh */,
			);
			path = ColorMatrixFilter;
			sourceTree = "<group>";
		};
		412344BA1E51EF4700B3FDEF /* ExplosureAdjustFilter */ = {
			isa = PBXGroup;
			children = (
				412344BB1E51EF4700B3FDEF /* ExplosureAdjustFilter.swift */,
				412344BC1E51EF4700B3FDEF /* ExplosureAdjustFragmentShader.fsh */,
			);
			path = ExplosureAdjustFilter;
			sourceTree = "<group>";
		};
		412344BD1E51EF4700B3FDEF /* GammaAdjustFilter */ = {
			isa = PBXGroup;
			children = (
				412344BE1E51EF4700B3FDEF /* GammaAdjustFilter.swift */,
				412344BF1E51EF4700B3FDEF /* GammaAdjustFragmentShader.fsh */,
			);
			path = GammaAdjustFilter;
			sourceTree = "<group>";
		};
		412344C01E51EF4700B3FDEF /* HueAdjust */ = {
			isa = PBXGroup;
			children = (
				412344C11E51EF4700B3FDEF /* HueAdjustFilter.swift */,
				412344C21E51EF4700B3FDEF /* HueAdjustFragmentShader.fsh */,
			);
			path = HueAdjust;
			sourceTree = "<group>";
		};
		412344C31E51EF4700B3FDEF /* MaximumComponentFilter */ = {
			isa = PBXGroup;
			children = (
				412344C41E51EF4700B3FDEF /* MaximumComponentFilter.swift */,
				412344C51E51EF4700B3FDEF /* MaximumComponentFragmentShader.fsh */,
			);
			path = MaximumComponentFilter;
			sourceTree = "<group>";
		};
		412344C61E51EF4700B3FDEF /* MinimumComponentFilter */ = {
			isa = PBXGroup;
			children = (
				412344C71E51EF4700B3FDEF /* MinimumComponentFilter.swift */,
				412344C81E51EF4700B3FDEF /* MinimumComponentFragment.fsh */,
			);
			path = MinimumComponentFilter;
			sourceTree = "<group>";
		};
		412344CE1E51EF4700B3FDEF /* GLObjects */ = {
			isa = PBXGroup;
			children = (
				412344CF1E51EF4700B3FDEF /* Context.swift */,
				412344D71E51EF4700B3FDEF /* Limits.swift */,
				412344D81E51EF4700B3FDEF /* Program.swift */,
				412344D91E51EF4700B3FDEF /* ProgramObjectsCacher.swift */,
				412344DA1E51EF4700B3FDEF /* TextureCacher.swift */,
				4149650D1E5FBED400CB7ADA /* PixelBufferPool.swift */,
				412344D01E51EF4700B3FDEF /* FrameBuffer */,
			);
			path = GLObjects;
			sourceTree = "<group>";
		};
		412344D01E51EF4700B3FDEF /* FrameBuffer */ = {
			isa = PBXGroup;
			children = (
				412344D11E51EF4700B3FDEF /* ImageInputFrameBuffer.swift */,
				412344D21E51EF4700B3FDEF /* InputFrameBuffer.swift */,
				412344D31E51EF4700B3FDEF /* OutputFrameBuffer.swift */,
				412344D41E51EF4700B3FDEF /* SMSampleInputFrameBuffer.swift */,
				412344D51E51EF4700B3FDEF /* TextureInputFrameBuffer.swift */,
				412344D61E51EF4700B3FDEF /* TextureOutputFrameBuffer.swift */,
			);
			path = FrameBuffer;
			sourceTree = "<group>";
		};
		412344DB1E51EF4700B3FDEF /* Platform */ = {
			isa = PBXGroup;
			children = (
				412344DC1E51EF4700B3FDEF /* iOS */,
			);
			path = Platform;
			sourceTree = "<group>";
		};
		412344DC1E51EF4700B3FDEF /* iOS */ = {
			isa = PBXGroup;
			children = (
				412344DD1E51EF4700B3FDEF /* CameraPreviewView.swift */,
				412344DE1E51EF4700B3FDEF /* EAGLOuputFrameBuffer.swift */,
			);
			path = iOS;
			sourceTree = "<group>";
		};
		41F1E5261E5D818300C836DA /* Test */ = {
			isa = PBXGroup;
			children = (
				41F1E5271E5D81C700C836DA /* PassthroughFilter.swift */,
			);
			path = Test;
			sourceTree = "<group>";
		};
/* End PBXGroup section */

/* Begin PBXHeadersBuildPhase section */
		412343211E51EEBA00B3FDEF /* Headers */ = {
			isa = PBXHeadersBuildPhase;
			buildActionMask = 2147483647;
			files = (
				412644E31E53108200916542 /* SwiftyImage.h in Headers */,
			);
			runOnlyForDeploymentPostprocessing = 0;
		};
/* End PBXHeadersBuildPhase section */

/* Begin PBXNativeTarget section */
		412343231E51EEBA00B3FDEF /* SwiftyImage */ = {
			isa = PBXNativeTarget;
			buildConfigurationList = 4123432C1E51EEBA00B3FDEF /* Build configuration list for PBXNativeTarget "SwiftyImage" */;
			buildPhases = (
				4123431F1E51EEBA00B3FDEF /* Sources */,
				412343201E51EEBA00B3FDEF /* Frameworks */,
				412343211E51EEBA00B3FDEF /* Headers */,
				412343221E51EEBA00B3FDEF /* Resources */,
			);
			buildRules = (
			);
			dependencies = (
			);
			name = SwiftyImage;
			productName = SwiftyImage;
			productReference = 412343241E51EEBA00B3FDEF /* SwiftyImage.framework */;
			productType = "com.apple.product-type.framework";
		};
/* End PBXNativeTarget section */

/* Begin PBXProject section */
		4123431B1E51EEBA00B3FDEF /* Project object */ = {
			isa = PBXProject;
			attributes = {
				LastUpgradeCheck = 0820;
				ORGANIZATIONNAME = tqtifnypmb;
				TargetAttributes = {
					412343231E51EEBA00B3FDEF = {
						CreatedOnToolsVersion = 8.2.1;
						ProvisioningStyle = Automatic;
					};
				};
			};
			buildConfigurationList = 4123431E1E51EEBA00B3FDEF /* Build configuration list for PBXProject "SwiftyImage" */;
			compatibilityVersion = "Xcode 3.2";
			developmentRegion = English;
			hasScannedForEncodings = 0;
			knownRegions = (
				en,
			);
			mainGroup = 4123431A1E51EEBA00B3FDEF;
			productRefGroup = 412343251E51EEBA00B3FDEF /* Products */;
			projectDirPath = "";
			projectRoot = "";
			targets = (
				412343231E51EEBA00B3FDEF /* SwiftyImage */,
			);
		};
/* End PBXProject section */

/* Begin PBXResourcesBuildPhase section */
		412343221E51EEBA00B3FDEF /* Resources */ = {
			isa = PBXResourcesBuildPhase;
			buildActionMask = 2147483647;
			files = (
				4123451B1E51EF4700B3FDEF /* ScreenBlendFragmentShader.fsh in Resources */,
				412345051E51EF4700B3FDEF /* HueBlendFragmentShader.fsh in Resources */,
				412345221E51EF4700B3FDEF /* ColorClampFragmentShader.fsh in Resources */,
				412345321E51EF4700B3FDEF /* PassthroughVertexShader.vsh in Resources */,
				412345031E51EF4700B3FDEF /* HardLightBlendFragmentShader.fsh in Resources */,
				4123452E1E51EF4700B3FDEF /* MaximumComponentFragmentShader.fsh in Resources */,
				412345241E51EF4700B3FDEF /* ColorInvertFragmentShader.fsh in Resources */,
				4123450F1E51EF4700B3FDEF /* MaskBlendFragmentShader.fsh in Resources */,
				4123450B1E51EF4700B3FDEF /* LinearBurnBlendFragmentShader.fsh in Resources */,
				412345281E51EF4700B3FDEF /* ExplosureAdjustFragmentShader.fsh in Resources */,
				412344F91E51EF4700B3FDEF /* ColorBurnBlendFragmentShader.fsh in Resources */,
				412345301E51EF4700B3FDEF /* MinimumComponentFragment.fsh in Resources */,
				412345191E51EF4700B3FDEF /* SaturationBlendFragmentShader.fsh in Resources */,
				412344FF1E51EF4700B3FDEF /* DifferenceBlendFragmentShader.fsh in Resources */,
				412344F31E51EF4700B3FDEF /* ZoomBlurFragmentShader.fsh in Resources */,
				412345171E51EF4700B3FDEF /* OverlayBlendFragmentShader.fsh in Resources */,
				412344F51E51EF4700B3FDEF /* AdditionBlendFragmentShader.fsh in Resources */,
				412344F71E51EF4700B3FDEF /* AlphaMaskBlendFragmentShader.fsh in Resources */,
				412345091E51EF4700B3FDEF /* LinearBlendFragmentShader.fsh in Resources */,
				412345331E51EF4700B3FDEF /* PassthroughFragmentShader.fsh in Resources */,
				4123452C1E51EF4700B3FDEF /* HueAdjustFragmentShader.fsh in Resources */,
				412344E91E51EF4700B3FDEF /* 3x3KernelVertexShader.vsh in Resources */,
				412345071E51EF4700B3FDEF /* LightenBlendFragmentShader.fsh in Resources */,
				412345261E51EF4700B3FDEF /* ColorBiasFragmentShader.fsh in Resources */,
				412344F01E51EF4700B3FDEF /* MotionBlurFragmentShader.fsh in Resources */,
				412344F11E51EF4700B3FDEF /* MotionBlurVertexShader.vsh in Resources */,
				4123450D1E51EF4700B3FDEF /* LuminosityBlendFragmentShader.fsh in Resources */,
				4123452A1E51EF4700B3FDEF /* GammaAdjustFragmentShader.fsh in Resources */,
				412344E11E51EF4700B3FDEF /* Info.plist in Resources */,
				412345011E51EF4700B3FDEF /* DivideBlendFragmentShader.fsh in Resources */,
				41012E101E58066800D39AA0 /* RGBNBGRExchangeFragmentShader.fsh in Resources */,
				412344FD1E51EF4700B3FDEF /* DarkenBlendFragmentShader.fsh in Resources */,
				4123451D1E51EF4700B3FDEF /* SoftLightBlendFragmentShader.fsh in Resources */,
				412345151E51EF4700B3FDEF /* MultiplyBlendFragmentShader.fsh in Resources */,
				412344FB1E51EF4700B3FDEF /* ColorDodgeBlendFragmentShader.fsh in Resources */,
				412345131E51EF4700B3FDEF /* MinimumBlendFragmentShader.fsh in Resources */,
				412345111E51EF4700B3FDEF /* MaximumBlendFragmentShader.fsh in Resources */,
				4123451F1E51EF4700B3FDEF /* SubtractBlendFragmentShader.fsh in Resources */,
				412344EE1E51EF4700B3FDEF /* MedianBlurFragmentShader.fsh in Resources */,
			);
			runOnlyForDeploymentPostprocessing = 0;
		};
/* End PBXResourcesBuildPhase section */

/* Begin PBXSourcesBuildPhase section */
		4123431F1E51EEBA00B3FDEF /* Sources */ = {
			isa = PBXSourcesBuildPhase;
			buildActionMask = 2147483647;
			files = (
				4123453F1E51EF4700B3FDEF /* ProgramObjectsCacher.swift in Sources */,
				412345081E51EF4700B3FDEF /* LinearBlendFilter.swift in Sources */,
				41012E0D1E58015500D39AA0 /* ComponentExchangeFilter.swift in Sources */,
				412345061E51EF4700B3FDEF /* LightenBlendFilter.swift in Sources */,
				412344E51E51EF4700B3FDEF /* VideoCamera.swift in Sources */,
				412344F41E51EF4700B3FDEF /* AdditionBlendFilter.swift in Sources */,
				4123452F1E51EF4700B3FDEF /* MinimumComponentFilter.swift in Sources */,
				412345001E51EF4700B3FDEF /* DivideBlendFilter.swift in Sources */,
				412345211E51EF4700B3FDEF /* ColorClampFilter.swift in Sources */,
				412345271E51EF4700B3FDEF /* ExplosureAdjustFilter.swift in Sources */,
				4123453A1E51EF4700B3FDEF /* SMSampleInputFrameBuffer.swift in Sources */,
				412345251E51EF4700B3FDEF /* ColorBiasFilter.swift in Sources */,
				412344E41E51EF4700B3FDEF /* StillImageCamera.swift in Sources */,
				412344EF1E51EF4700B3FDEF /* MotionBlurFilter.swift in Sources */,
				412344FC1E51EF4700B3FDEF /* DarkenBlendFilter.swift in Sources */,
				412345201E51EF4700B3FDEF /* DualInputFilter.swift in Sources */,
				412344E31E51EF4700B3FDEF /* Camera.swift in Sources */,
				412344FA1E51EF4700B3FDEF /* ColorDodgeBlendFilter.swift in Sources */,
				412345371E51EF4700B3FDEF /* ImageInputFrameBuffer.swift in Sources */,
				412345431E51EF4700B3FDEF /* String+Helper.swift in Sources */,
				412344EB1E51EF4700B3FDEF /* BoxBlurFilter.swift in Sources */,
				41011A431E5E6E2E006B54FD /* FrameWriter.swift in Sources */,
				412345311E51EF4700B3FDEF /* Filter.swift in Sources */,
				412345231E51EF4700B3FDEF /* ColorInvertFilter.swift in Sources */,
				412345411E51EF4700B3FDEF /* CameraPreviewView.swift in Sources */,
				412345181E51EF4700B3FDEF /* SaturationBlendFilter.swift in Sources */,
				412344F81E51EF4700B3FDEF /* ColorBurnBlendFilter.swift in Sources */,
				412345121E51EF4700B3FDEF /* MinimumBlendFilter.swift in Sources */,
				4123452B1E51EF4700B3FDEF /* HueAdjustFilter.swift in Sources */,
				412345101E51EF4700B3FDEF /* MaximumBlendFilter.swift in Sources */,
				4123453D1E51EF4700B3FDEF /* Limits.swift in Sources */,
				412345391E51EF4700B3FDEF /* OutputFrameBuffer.swift in Sources */,
				4123453B1E51EF4700B3FDEF /* TextureInputFrameBuffer.swift in Sources */,
				4123451E1E51EF4700B3FDEF /* SubtrachBlendFilter.swift in Sources */,
				412345291E51EF4700B3FDEF /* GammaAdjustFilter.swift in Sources */,
				41F1E5281E5D81C700C836DA /* PassthroughFilter.swift in Sources */,
				412345381E51EF4700B3FDEF /* InputFrameBuffer.swift in Sources */,
				412344E61E51EF4700B3FDEF /* Canvas.swift in Sources */,
				4123453E1E51EF4700B3FDEF /* Program.swift in Sources */,
				4123451C1E51EF4700B3FDEF /* SoftLightBlendFilter.swift in Sources */,
				412345341E51EF4700B3FDEF /* ThreeInputFilter.swift in Sources */,
				4123452D1E51EF4700B3FDEF /* MaximumComponentFilter.swift in Sources */,
				412345401E51EF4700B3FDEF /* TextureCacher.swift in Sources */,
				412345141E51EF4700B3FDEF /* MultiplyBlendFilter.swift in Sources */,
				4149650E1E5FBED400CB7ADA /* PixelBufferPool.swift in Sources */,
				412345021E51EF4700B3FDEF /* HardLightBlendFilter.swift in Sources */,
				412344F61E51EF4700B3FDEF /* AlphaMaskBlendFilter.swift in Sources */,
				412344FE1E51EF4700B3FDEF /* DifferenceBlendFilter.swift in Sources */,
				412344F21E51EF4700B3FDEF /* ZoomBlurFilter.swift in Sources */,
				4123450E1E51EF4700B3FDEF /* MaskBlendFilter.swift in Sources */,
				412344EA1E51EF4700B3FDEF /* BaseFilter.swift in Sources */,
				412344E21E51EF4700B3FDEF /* BaseCamera.swift in Sources */,
				4123450A1E51EF4700B3FDEF /* LinearBurnBlendFilter.swift in Sources */,
				412344E71E51EF4700B3FDEF /* ImageCanvas.swift in Sources */,
				412345041E51EF4700B3FDEF /* HueBlendFilter.swift in Sources */,
				4123450C1E51EF4700B3FDEF /* LuminosityBlendFilter.swift in Sources */,
				412345161E51EF4700B3FDEF /* OverlayBlendFilter.swift in Sources */,
				412345421E51EF4700B3FDEF /* EAGLOuputFrameBuffer.swift in Sources */,
				412344E81E51EF4700B3FDEF /* Errors.swift in Sources */,
				412344ED1E51EF4700B3FDEF /* MedianBlurFilter.swift in Sources */,
				4123451A1E51EF4700B3FDEF /* ScreenBlendFilter.swift in Sources */,
				412345361E51EF4700B3FDEF /* Context.swift in Sources */,
				412344EC1E51EF4700B3FDEF /* GaussianBlurFilter.swift in Sources */,
				4123453C1E51EF4700B3FDEF /* TextureOutputFrameBuffer.swift in Sources */,
				412345351E51EF4700B3FDEF /* TwoPassFilter.swift in Sources */,
			);
			runOnlyForDeploymentPostprocessing = 0;
		};
/* End PBXSourcesBuildPhase section */

/* Begin XCBuildConfiguration section */
		4123432A1E51EEBA00B3FDEF /* Debug */ = {
			isa = XCBuildConfiguration;
			buildSettings = {
				ALWAYS_SEARCH_USER_PATHS = NO;
				CLANG_ANALYZER_NONNULL = YES;
				CLANG_CXX_LANGUAGE_STANDARD = "gnu++0x";
				CLANG_CXX_LIBRARY = "libc++";
				CLANG_ENABLE_MODULES = YES;
				CLANG_ENABLE_OBJC_ARC = YES;
				CLANG_WARN_BOOL_CONVERSION = YES;
				CLANG_WARN_CONSTANT_CONVERSION = YES;
				CLANG_WARN_DIRECT_OBJC_ISA_USAGE = YES_ERROR;
				CLANG_WARN_DOCUMENTATION_COMMENTS = YES;
				CLANG_WARN_EMPTY_BODY = YES;
				CLANG_WARN_ENUM_CONVERSION = YES;
				CLANG_WARN_INFINITE_RECURSION = YES;
				CLANG_WARN_INT_CONVERSION = YES;
				CLANG_WARN_OBJC_ROOT_CLASS = YES_ERROR;
				CLANG_WARN_SUSPICIOUS_MOVE = YES;
				CLANG_WARN_UNREACHABLE_CODE = YES;
				CLANG_WARN__DUPLICATE_METHOD_MATCH = YES;
				"CODE_SIGN_IDENTITY[sdk=iphoneos*]" = "iPhone Developer";
				COPY_PHASE_STRIP = NO;
				CURRENT_PROJECT_VERSION = 1;
				DEBUG_INFORMATION_FORMAT = dwarf;
				ENABLE_STRICT_OBJC_MSGSEND = YES;
				ENABLE_TESTABILITY = YES;
				GCC_C_LANGUAGE_STANDARD = gnu99;
				GCC_DYNAMIC_NO_PIC = NO;
				GCC_NO_COMMON_BLOCKS = YES;
				GCC_OPTIMIZATION_LEVEL = 0;
				GCC_PREPROCESSOR_DEFINITIONS = (
					"DEBUG=1",
					"$(inherited)",
				);
				GCC_WARN_64_TO_32_BIT_CONVERSION = YES;
				GCC_WARN_ABOUT_RETURN_TYPE = YES_ERROR;
				GCC_WARN_UNDECLARED_SELECTOR = YES;
				GCC_WARN_UNINITIALIZED_AUTOS = YES_AGGRESSIVE;
				GCC_WARN_UNUSED_FUNCTION = YES;
				GCC_WARN_UNUSED_VARIABLE = YES;
				IPHONEOS_DEPLOYMENT_TARGET = 8.0;
				MTL_ENABLE_DEBUG_INFO = YES;
				ONLY_ACTIVE_ARCH = YES;
				SDKROOT = iphoneos;
				SWIFT_ACTIVE_COMPILATION_CONDITIONS = DEBUG;
				SWIFT_OPTIMIZATION_LEVEL = "-Onone";
				TARGETED_DEVICE_FAMILY = "1,2";
				VERSIONING_SYSTEM = "apple-generic";
				VERSION_INFO_PREFIX = "";
			};
			name = Debug;
		};
		4123432B1E51EEBA00B3FDEF /* Release */ = {
			isa = XCBuildConfiguration;
			buildSettings = {
				ALWAYS_SEARCH_USER_PATHS = NO;
				CLANG_ANALYZER_NONNULL = YES;
				CLANG_CXX_LANGUAGE_STANDARD = "gnu++0x";
				CLANG_CXX_LIBRARY = "libc++";
				CLANG_ENABLE_MODULES = YES;
				CLANG_ENABLE_OBJC_ARC = YES;
				CLANG_WARN_BOOL_CONVERSION = YES;
				CLANG_WARN_CONSTANT_CONVERSION = YES;
				CLANG_WARN_DIRECT_OBJC_ISA_USAGE = YES_ERROR;
				CLANG_WARN_DOCUMENTATION_COMMENTS = YES;
				CLANG_WARN_EMPTY_BODY = YES;
				CLANG_WARN_ENUM_CONVERSION = YES;
				CLANG_WARN_INFINITE_RECURSION = YES;
				CLANG_WARN_INT_CONVERSION = YES;
				CLANG_WARN_OBJC_ROOT_CLASS = YES_ERROR;
				CLANG_WARN_SUSPICIOUS_MOVE = YES;
				CLANG_WARN_UNREACHABLE_CODE = YES;
				CLANG_WARN__DUPLICATE_METHOD_MATCH = YES;
				"CODE_SIGN_IDENTITY[sdk=iphoneos*]" = "iPhone Developer";
				COPY_PHASE_STRIP = NO;
				CURRENT_PROJECT_VERSION = 1;
				DEBUG_INFORMATION_FORMAT = "dwarf-with-dsym";
				ENABLE_NS_ASSERTIONS = NO;
				ENABLE_STRICT_OBJC_MSGSEND = YES;
				GCC_C_LANGUAGE_STANDARD = gnu99;
				GCC_NO_COMMON_BLOCKS = YES;
				GCC_WARN_64_TO_32_BIT_CONVERSION = YES;
				GCC_WARN_ABOUT_RETURN_TYPE = YES_ERROR;
				GCC_WARN_UNDECLARED_SELECTOR = YES;
				GCC_WARN_UNINITIALIZED_AUTOS = YES_AGGRESSIVE;
				GCC_WARN_UNUSED_FUNCTION = YES;
				GCC_WARN_UNUSED_VARIABLE = YES;
				IPHONEOS_DEPLOYMENT_TARGET = 8.0;
				MTL_ENABLE_DEBUG_INFO = NO;
				SDKROOT = iphoneos;
				SWIFT_OPTIMIZATION_LEVEL = "-Owholemodule";
				TARGETED_DEVICE_FAMILY = "1,2";
				VALIDATE_PRODUCT = YES;
				VERSIONING_SYSTEM = "apple-generic";
				VERSION_INFO_PREFIX = "";
			};
			name = Release;
		};
		4123432D1E51EEBA00B3FDEF /* Debug */ = {
			isa = XCBuildConfiguration;
			buildSettings = {
				CODE_SIGN_IDENTITY = "";
				DEFINES_MODULE = YES;
				DYLIB_COMPATIBILITY_VERSION = 1;
				DYLIB_CURRENT_VERSION = 1;
				DYLIB_INSTALL_NAME_BASE = "@rpath";
				INFOPLIST_FILE = "$(SRCROOT)/Info.plist";
				INSTALL_PATH = "$(LOCAL_LIBRARY_DIR)/Frameworks";
				LD_RUNPATH_SEARCH_PATHS = "$(inherited) @executable_path/Frameworks @loader_path/Frameworks";
				PRODUCT_BUNDLE_IDENTIFIER = com.github.swiftyImage;
				PRODUCT_NAME = "$(TARGET_NAME)";
				SKIP_INSTALL = YES;
				SWIFT_VERSION = 3.0;
			};
			name = Debug;
		};
		4123432E1E51EEBA00B3FDEF /* Release */ = {
			isa = XCBuildConfiguration;
			buildSettings = {
				CODE_SIGN_IDENTITY = "";
				DEFINES_MODULE = YES;
				DYLIB_COMPATIBILITY_VERSION = 1;
				DYLIB_CURRENT_VERSION = 1;
				DYLIB_INSTALL_NAME_BASE = "@rpath";
				INFOPLIST_FILE = "$(SRCROOT)/Info.plist";
				INSTALL_PATH = "$(LOCAL_LIBRARY_DIR)/Frameworks";
				LD_RUNPATH_SEARCH_PATHS = "$(inherited) @executable_path/Frameworks @loader_path/Frameworks";
				PRODUCT_BUNDLE_IDENTIFIER = com.github.swiftyImage;
				PRODUCT_NAME = "$(TARGET_NAME)";
				SKIP_INSTALL = YES;
				SWIFT_VERSION = 3.0;
			};
			name = Release;
		};
/* End XCBuildConfiguration section */

/* Begin XCConfigurationList section */
		4123431E1E51EEBA00B3FDEF /* Build configuration list for PBXProject "SwiftyImage" */ = {
			isa = XCConfigurationList;
			buildConfigurations = (
				4123432A1E51EEBA00B3FDEF /* Debug */,
				4123432B1E51EEBA00B3FDEF /* Release */,
			);
			defaultConfigurationIsVisible = 0;
			defaultConfigurationName = Release;
		};
		4123432C1E51EEBA00B3FDEF /* Build configuration list for PBXNativeTarget "SwiftyImage" */ = {
			isa = XCConfigurationList;
			buildConfigurations = (
				4123432D1E51EEBA00B3FDEF /* Debug */,
				4123432E1E51EEBA00B3FDEF /* Release */,
			);
			defaultConfigurationIsVisible = 0;
			defaultConfigurationName = Release;
		};
/* End XCConfigurationList section */
	};
	rootObject = 4123431B1E51EEBA00B3FDEF /* Project object */;
}
